// !$*UTF8*$!
{
	archiveVersion = 1;
	classes = {
	};
	objectVersion = 46;
	objects = {

/* Begin PBXBuildFile section */
		15A3F798A6CB417B9C2C0F91 /* libPods.a in Frameworks */ = {isa = PBXBuildFile; fileRef = 88B49D21AA1849DCAC899F2D /* libPods.a */; };
		464282F218788487007E13F7 /* iAd.framework in Frameworks */ = {isa = PBXBuildFile; fileRef = 464282F118788487007E13F7 /* iAd.framework */; };
		46847A9518761397001D4D44 /* JBChartHeaderView.m in Sources */ = {isa = PBXBuildFile; fileRef = 46847A8B18761397001D4D44 /* JBChartHeaderView.m */; };
		46847A9618761397001D4D44 /* JBChartInformationView.m in Sources */ = {isa = PBXBuildFile; fileRef = 46847A8D18761397001D4D44 /* JBChartInformationView.m */; };
		46847A9718761397001D4D44 /* JBLineChartFooterView.m in Sources */ = {isa = PBXBuildFile; fileRef = 46847A9218761397001D4D44 /* JBLineChartFooterView.m */; };
		46AC5AFB18656098006CAAD1 /* AudioToolbox.framework in Frameworks */ = {isa = PBXBuildFile; fileRef = 46AC5AFA18656098006CAAD1 /* AudioToolbox.framework */; };
		46AC5AFD1865648E006CAAD1 /* MapKit.framework in Frameworks */ = {isa = PBXBuildFile; fileRef = 46AC5AFC1865648E006CAAD1 /* MapKit.framework */; };
		46C47DF7186F6F4000A990B0 /* README.md in Resources */ = {isa = PBXBuildFile; fileRef = 46C47DF6186F6F4000A990B0 /* README.md */; };
		46C47DF9186FFFC400A990B0 /* Known bug.md in Resources */ = {isa = PBXBuildFile; fileRef = 46C47DF8186FFFC400A990B0 /* Known bug.md */; };
		46C47DFD1871467700A990B0 /* RSSettingsVC.m in Sources */ = {isa = PBXBuildFile; fileRef = 46C47DFC1871467700A990B0 /* RSSettingsVC.m */; };
		46C47E00187222A600A990B0 /* RSStatsFirstVC.m in Sources */ = {isa = PBXBuildFile; fileRef = 46C47DFF187222A600A990B0 /* RSStatsFirstVC.m */; };
		46C47E051872268400A990B0 /* RSStatsSecondVC.m in Sources */ = {isa = PBXBuildFile; fileRef = 46C47E041872268400A990B0 /* RSStatsSecondVC.m */; };
		46C47E0818722F7100A990B0 /* RSSettingsTVC.m in Sources */ = {isa = PBXBuildFile; fileRef = 46C47E0718722F7100A990B0 /* RSSettingsTVC.m */; };
		46C6D4F518679ECF00CD5232 /* RSPath.m in Sources */ = {isa = PBXBuildFile; fileRef = 46C6D4F218679ECF00CD5232 /* RSPath.m */; };
		46C6D4F618679ECF00CD5232 /* RSRecordManager.m in Sources */ = {isa = PBXBuildFile; fileRef = 46C6D4F418679ECF00CD5232 /* RSRecordManager.m */; };
		46C6D4FC18679F7B00CD5232 /* RSRunningVC.m in Sources */ = {isa = PBXBuildFile; fileRef = 46C6D4F918679F7B00CD5232 /* RSRunningVC.m */; };
		46C6D4FD18679F7B00CD5232 /* RSStatsVC.m in Sources */ = {isa = PBXBuildFile; fileRef = 46C6D4FB18679F7B00CD5232 /* RSStatsVC.m */; };
		46CBDC841874912C00E3E5B7 /* RSRecordCell.m in Sources */ = {isa = PBXBuildFile; fileRef = 46CBDC831874912C00E3E5B7 /* RSRecordCell.m */; };
		46CBDC871874BEA800E3E5B7 /* RSRecordDetailsVC.m in Sources */ = {isa = PBXBuildFile; fileRef = 46CBDC861874BEA800E3E5B7 /* RSRecordDetailsVC.m */; };
		46D4AAAE18655E6700F787BA /* Foundation.framework in Frameworks */ = {isa = PBXBuildFile; fileRef = 46D4AAAD18655E6700F787BA /* Foundation.framework */; };
		46D4AAB018655E6700F787BA /* CoreGraphics.framework in Frameworks */ = {isa = PBXBuildFile; fileRef = 46D4AAAF18655E6700F787BA /* CoreGraphics.framework */; };
		46D4AAB218655E6700F787BA /* UIKit.framework in Frameworks */ = {isa = PBXBuildFile; fileRef = 46D4AAB118655E6700F787BA /* UIKit.framework */; };
		46D4AABA18655E6700F787BA /* main.m in Sources */ = {isa = PBXBuildFile; fileRef = 46D4AAB918655E6700F787BA /* main.m */; };
		46D4AAC118655E6700F787BA /* Main.storyboard in Resources */ = {isa = PBXBuildFile; fileRef = 46D4AABF18655E6700F787BA /* Main.storyboard */; };
		46D4AAC918655E6700F787BA /* Images.xcassets in Resources */ = {isa = PBXBuildFile; fileRef = 46D4AAC818655E6700F787BA /* Images.xcassets */; };
		46D4AAD018655E6800F787BA /* XCTest.framework in Frameworks */ = {isa = PBXBuildFile; fileRef = 46D4AACF18655E6800F787BA /* XCTest.framework */; };
		46D4AAD118655E6800F787BA /* Foundation.framework in Frameworks */ = {isa = PBXBuildFile; fileRef = 46D4AAAD18655E6700F787BA /* Foundation.framework */; };
		46D4AAD218655E6800F787BA /* UIKit.framework in Frameworks */ = {isa = PBXBuildFile; fileRef = 46D4AAB118655E6700F787BA /* UIKit.framework */; };
		46D4AADA18655E6800F787BA /* InfoPlist.strings in Resources */ = {isa = PBXBuildFile; fileRef = 46D4AAD818655E6800F787BA /* InfoPlist.strings */; };
		46D4AADC18655E6800F787BA /* RunningStatsTests.m in Sources */ = {isa = PBXBuildFile; fileRef = 46D4AADB18655E6800F787BA /* RunningStatsTests.m */; };
		46D4AAE918655EF200F787BA /* RSAppDelegate.m in Sources */ = {isa = PBXBuildFile; fileRef = 46D4AAE818655EF200F787BA /* RSAppDelegate.m */; };
		46EEB9BD1876346800A9E83A /* RSSettingsDetailsVC.m in Sources */ = {isa = PBXBuildFile; fileRef = 46EEB9BC1876346800A9E83A /* RSSettingsDetailsVC.m */; };
		46EEB9BF187734CB00A9E83A /* AVFoundation.framework in Frameworks */ = {isa = PBXBuildFile; fileRef = 46EEB9BE187734CB00A9E83A /* AVFoundation.framework */; };
		46EEB9C8187742A000A9E83A /* InfoPlist.strings in Resources */ = {isa = PBXBuildFile; fileRef = 46EEB9C4187742A000A9E83A /* InfoPlist.strings */; };
		46EEB9D4187744BD00A9E83A /* Localizable.strings in Resources */ = {isa = PBXBuildFile; fileRef = 46EEB9D6187744BD00A9E83A /* Localizable.strings */; };
/* End PBXBuildFile section */

/* Begin PBXContainerItemProxy section */
		46D4AAD318655E6800F787BA /* PBXContainerItemProxy */ = {
			isa = PBXContainerItemProxy;
			containerPortal = 46D4AAA218655E6700F787BA /* Project object */;
			proxyType = 1;
			remoteGlobalIDString = 46D4AAA918655E6700F787BA;
			remoteInfo = RunningStats;
		};
/* End PBXContainerItemProxy section */

/* Begin PBXFileReference section */
		464282F118788487007E13F7 /* iAd.framework */ = {isa = PBXFileReference; lastKnownFileType = wrapper.framework; name = iAd.framework; path = System/Library/Frameworks/iAd.framework; sourceTree = SDKROOT; };
		46847A8A18761397001D4D44 /* JBChartHeaderView.h */ = {isa = PBXFileReference; fileEncoding = 4; lastKnownFileType = sourcecode.c.h; name = JBChartHeaderView.h; path = JBChartHelper/JBChartHeaderView.h; sourceTree = "<group>"; };
		46847A8B18761397001D4D44 /* JBChartHeaderView.m */ = {isa = PBXFileReference; fileEncoding = 4; lastKnownFileType = sourcecode.c.objc; name = JBChartHeaderView.m; path = JBChartHelper/JBChartHeaderView.m; sourceTree = "<group>"; };
		46847A8C18761397001D4D44 /* JBChartInformationView.h */ = {isa = PBXFileReference; fileEncoding = 4; lastKnownFileType = sourcecode.c.h; name = JBChartInformationView.h; path = JBChartHelper/JBChartInformationView.h; sourceTree = "<group>"; };
		46847A8D18761397001D4D44 /* JBChartInformationView.m */ = {isa = PBXFileReference; fileEncoding = 4; lastKnownFileType = sourcecode.c.objc; name = JBChartInformationView.m; path = JBChartHelper/JBChartInformationView.m; sourceTree = "<group>"; };
		46847A8E18761397001D4D44 /* JBColorConstants.h */ = {isa = PBXFileReference; fileEncoding = 4; lastKnownFileType = sourcecode.c.h; name = JBColorConstants.h; path = JBChartHelper/JBColorConstants.h; sourceTree = "<group>"; };
		46847A8F18761397001D4D44 /* JBConstants.h */ = {isa = PBXFileReference; fileEncoding = 4; lastKnownFileType = sourcecode.c.h; name = JBConstants.h; path = JBChartHelper/JBConstants.h; sourceTree = "<group>"; };
		46847A9018761397001D4D44 /* JBFontConstants.h */ = {isa = PBXFileReference; fileEncoding = 4; lastKnownFileType = sourcecode.c.h; name = JBFontConstants.h; path = JBChartHelper/JBFontConstants.h; sourceTree = "<group>"; };
		46847A9118761397001D4D44 /* JBLineChartFooterView.h */ = {isa = PBXFileReference; fileEncoding = 4; lastKnownFileType = sourcecode.c.h; name = JBLineChartFooterView.h; path = JBChartHelper/JBLineChartFooterView.h; sourceTree = "<group>"; };
		46847A9218761397001D4D44 /* JBLineChartFooterView.m */ = {isa = PBXFileReference; fileEncoding = 4; lastKnownFileType = sourcecode.c.objc; name = JBLineChartFooterView.m; path = JBChartHelper/JBLineChartFooterView.m; sourceTree = "<group>"; };
		46AC5AF918656062006CAAD1 /* RunningStats.entitlements */ = {isa = PBXFileReference; lastKnownFileType = text.xml; path = RunningStats.entitlements; sourceTree = "<group>"; };
		46AC5AFA18656098006CAAD1 /* AudioToolbox.framework */ = {isa = PBXFileReference; lastKnownFileType = wrapper.framework; name = AudioToolbox.framework; path = System/Library/Frameworks/AudioToolbox.framework; sourceTree = SDKROOT; };
		46AC5AFC1865648E006CAAD1 /* MapKit.framework */ = {isa = PBXFileReference; lastKnownFileType = wrapper.framework; name = MapKit.framework; path = System/Library/Frameworks/MapKit.framework; sourceTree = SDKROOT; };
		46C47DF6186F6F4000A990B0 /* README.md */ = {isa = PBXFileReference; fileEncoding = 4; lastKnownFileType = text; path = README.md; sourceTree = "<group>"; };
		46C47DF8186FFFC400A990B0 /* Known bug.md */ = {isa = PBXFileReference; fileEncoding = 4; lastKnownFileType = text; path = "Known bug.md"; sourceTree = "<group>"; };
		46C47DFB1871467700A990B0 /* RSSettingsVC.h */ = {isa = PBXFileReference; fileEncoding = 4; lastKnownFileType = sourcecode.c.h; path = RSSettingsVC.h; sourceTree = "<group>"; };
		46C47DFC1871467700A990B0 /* RSSettingsVC.m */ = {isa = PBXFileReference; fileEncoding = 4; lastKnownFileType = sourcecode.c.objc; path = RSSettingsVC.m; sourceTree = "<group>"; };
		46C47DFE187222A600A990B0 /* RSStatsFirstVC.h */ = {isa = PBXFileReference; fileEncoding = 4; lastKnownFileType = sourcecode.c.h; path = RSStatsFirstVC.h; sourceTree = "<group>"; };
		46C47DFF187222A600A990B0 /* RSStatsFirstVC.m */ = {isa = PBXFileReference; fileEncoding = 4; lastKnownFileType = sourcecode.c.objc; path = RSStatsFirstVC.m; sourceTree = "<group>"; };
		46C47E021872251200A990B0 /* en */ = {isa = PBXFileReference; lastKnownFileType = text.plist.strings; name = en; path = en.lproj/Main.strings; sourceTree = "<group>"; };
		46C47E031872268400A990B0 /* RSStatsSecondVC.h */ = {isa = PBXFileReference; fileEncoding = 4; lastKnownFileType = sourcecode.c.h; path = RSStatsSecondVC.h; sourceTree = "<group>"; };
		46C47E041872268400A990B0 /* RSStatsSecondVC.m */ = {isa = PBXFileReference; fileEncoding = 4; lastKnownFileType = sourcecode.c.objc; path = RSStatsSecondVC.m; sourceTree = "<group>"; };
		46C47E0618722F7100A990B0 /* RSSettingsTVC.h */ = {isa = PBXFileReference; fileEncoding = 4; lastKnownFileType = sourcecode.c.h; path = RSSettingsTVC.h; sourceTree = "<group>"; };
		46C47E0718722F7100A990B0 /* RSSettingsTVC.m */ = {isa = PBXFileReference; fileEncoding = 4; lastKnownFileType = sourcecode.c.objc; path = RSSettingsTVC.m; sourceTree = "<group>"; };
		46C6D4F118679ECF00CD5232 /* RSPath.h */ = {isa = PBXFileReference; fileEncoding = 4; lastKnownFileType = sourcecode.c.h; path = RSPath.h; sourceTree = "<group>"; };
		46C6D4F218679ECF00CD5232 /* RSPath.m */ = {isa = PBXFileReference; fileEncoding = 4; lastKnownFileType = sourcecode.c.objc; path = RSPath.m; sourceTree = "<group>"; };
		46C6D4F318679ECF00CD5232 /* RSRecordManager.h */ = {isa = PBXFileReference; fileEncoding = 4; lastKnownFileType = sourcecode.c.h; path = RSRecordManager.h; sourceTree = "<group>"; };
		46C6D4F418679ECF00CD5232 /* RSRecordManager.m */ = {isa = PBXFileReference; fileEncoding = 4; lastKnownFileType = sourcecode.c.objc; path = RSRecordManager.m; sourceTree = "<group>"; };
		46C6D4F818679F7B00CD5232 /* RSRunningVC.h */ = {isa = PBXFileReference; fileEncoding = 4; lastKnownFileType = sourcecode.c.h; path = RSRunningVC.h; sourceTree = "<group>"; };
		46C6D4F918679F7B00CD5232 /* RSRunningVC.m */ = {isa = PBXFileReference; fileEncoding = 4; lastKnownFileType = sourcecode.c.objc; path = RSRunningVC.m; sourceTree = "<group>"; };
		46C6D4FA18679F7B00CD5232 /* RSStatsVC.h */ = {isa = PBXFileReference; fileEncoding = 4; lastKnownFileType = sourcecode.c.h; path = RSStatsVC.h; sourceTree = "<group>"; };
		46C6D4FB18679F7B00CD5232 /* RSStatsVC.m */ = {isa = PBXFileReference; fileEncoding = 4; lastKnownFileType = sourcecode.c.objc; path = RSStatsVC.m; sourceTree = "<group>"; };
		46CBDC821874912C00E3E5B7 /* RSRecordCell.h */ = {isa = PBXFileReference; fileEncoding = 4; lastKnownFileType = sourcecode.c.h; path = RSRecordCell.h; sourceTree = "<group>"; };
		46CBDC831874912C00E3E5B7 /* RSRecordCell.m */ = {isa = PBXFileReference; fileEncoding = 4; lastKnownFileType = sourcecode.c.objc; path = RSRecordCell.m; sourceTree = "<group>"; };
		46CBDC851874BEA800E3E5B7 /* RSRecordDetailsVC.h */ = {isa = PBXFileReference; fileEncoding = 4; lastKnownFileType = sourcecode.c.h; path = RSRecordDetailsVC.h; sourceTree = "<group>"; };
		46CBDC861874BEA800E3E5B7 /* RSRecordDetailsVC.m */ = {isa = PBXFileReference; fileEncoding = 4; lastKnownFileType = sourcecode.c.objc; path = RSRecordDetailsVC.m; sourceTree = "<group>"; };
		46D4AAAA18655E6700F787BA /* RunningStats.app */ = {isa = PBXFileReference; explicitFileType = wrapper.application; includeInIndex = 0; path = RunningStats.app; sourceTree = BUILT_PRODUCTS_DIR; };
		46D4AAAD18655E6700F787BA /* Foundation.framework */ = {isa = PBXFileReference; lastKnownFileType = wrapper.framework; name = Foundation.framework; path = System/Library/Frameworks/Foundation.framework; sourceTree = SDKROOT; };
		46D4AAAF18655E6700F787BA /* CoreGraphics.framework */ = {isa = PBXFileReference; lastKnownFileType = wrapper.framework; name = CoreGraphics.framework; path = System/Library/Frameworks/CoreGraphics.framework; sourceTree = SDKROOT; };
		46D4AAB118655E6700F787BA /* UIKit.framework */ = {isa = PBXFileReference; lastKnownFileType = wrapper.framework; name = UIKit.framework; path = System/Library/Frameworks/UIKit.framework; sourceTree = SDKROOT; };
		46D4AAB518655E6700F787BA /* RunningStats-Info.plist */ = {isa = PBXFileReference; lastKnownFileType = text.plist.xml; path = "RunningStats-Info.plist"; sourceTree = "<group>"; };
		46D4AAB918655E6700F787BA /* main.m */ = {isa = PBXFileReference; lastKnownFileType = sourcecode.c.objc; path = main.m; sourceTree = "<group>"; };
		46D4AABB18655E6700F787BA /* RunningStats-Prefix.pch */ = {isa = PBXFileReference; lastKnownFileType = sourcecode.c.h; path = "RunningStats-Prefix.pch"; sourceTree = "<group>"; };
		46D4AAC018655E6700F787BA /* Base */ = {isa = PBXFileReference; lastKnownFileType = file.storyboard; name = Base; path = Base.lproj/Main.storyboard; sourceTree = "<group>"; };
		46D4AAC818655E6700F787BA /* Images.xcassets */ = {isa = PBXFileReference; lastKnownFileType = folder.assetcatalog; path = Images.xcassets; sourceTree = "<group>"; };
		46D4AACE18655E6800F787BA /* RunningStatsTests.xctest */ = {isa = PBXFileReference; explicitFileType = wrapper.cfbundle; includeInIndex = 0; path = RunningStatsTests.xctest; sourceTree = BUILT_PRODUCTS_DIR; };
		46D4AACF18655E6800F787BA /* XCTest.framework */ = {isa = PBXFileReference; lastKnownFileType = wrapper.framework; name = XCTest.framework; path = Library/Frameworks/XCTest.framework; sourceTree = DEVELOPER_DIR; };
		46D4AAD718655E6800F787BA /* RunningStatsTests-Info.plist */ = {isa = PBXFileReference; lastKnownFileType = text.plist.xml; path = "RunningStatsTests-Info.plist"; sourceTree = "<group>"; };
		46D4AAD918655E6800F787BA /* en */ = {isa = PBXFileReference; lastKnownFileType = text.plist.strings; name = en; path = en.lproj/InfoPlist.strings; sourceTree = "<group>"; };
		46D4AADB18655E6800F787BA /* RunningStatsTests.m */ = {isa = PBXFileReference; lastKnownFileType = sourcecode.c.objc; path = RunningStatsTests.m; sourceTree = "<group>"; };
		46D4AAE718655EF200F787BA /* RSAppDelegate.h */ = {isa = PBXFileReference; fileEncoding = 4; lastKnownFileType = sourcecode.c.h; path = RSAppDelegate.h; sourceTree = "<group>"; };
		46D4AAE818655EF200F787BA /* RSAppDelegate.m */ = {isa = PBXFileReference; fileEncoding = 4; lastKnownFileType = sourcecode.c.objc; path = RSAppDelegate.m; sourceTree = "<group>"; };
		46EEB9BB1876346800A9E83A /* RSSettingsDetailsVC.h */ = {isa = PBXFileReference; fileEncoding = 4; lastKnownFileType = sourcecode.c.h; path = RSSettingsDetailsVC.h; sourceTree = "<group>"; };
		46EEB9BC1876346800A9E83A /* RSSettingsDetailsVC.m */ = {isa = PBXFileReference; fileEncoding = 4; lastKnownFileType = sourcecode.c.objc; path = RSSettingsDetailsVC.m; sourceTree = "<group>"; };
		46EEB9BE187734CB00A9E83A /* AVFoundation.framework */ = {isa = PBXFileReference; lastKnownFileType = wrapper.framework; name = AVFoundation.framework; path = System/Library/Frameworks/AVFoundation.framework; sourceTree = SDKROOT; };
		46EEB9C5187742A000A9E83A /* en */ = {isa = PBXFileReference; lastKnownFileType = text.plist.strings; name = en; path = InfoPlist.strings; sourceTree = "<group>"; };
		46EEB9CC187743CD00A9E83A /* zh-Hans */ = {isa = PBXFileReference; lastKnownFileType = text.plist.strings; name = "zh-Hans"; path = "zh-Hans.lproj/Main.strings"; sourceTree = "<group>"; };
		46EEB9CD187743CD00A9E83A /* zh-Hans */ = {isa = PBXFileReference; lastKnownFileType = text.plist.strings; name = "zh-Hans"; path = "zh-Hans.lproj/InfoPlist.strings"; sourceTree = "<group>"; };
		46EEB9CF187743CD00A9E83A /* zh-Hans */ = {isa = PBXFileReference; lastKnownFileType = text.plist.strings; name = "zh-Hans"; path = "zh-Hans.lproj/InfoPlist.strings"; sourceTree = "<group>"; };
		46EEB9D0187743E500A9E83A /* zh-Hant */ = {isa = PBXFileReference; lastKnownFileType = text.plist.strings; name = "zh-Hant"; path = "zh-Hant.lproj/Main.strings"; sourceTree = "<group>"; };
		46EEB9D1187743E500A9E83A /* zh-Hant */ = {isa = PBXFileReference; lastKnownFileType = text.plist.strings; name = "zh-Hant"; path = "zh-Hant.lproj/InfoPlist.strings"; sourceTree = "<group>"; };
		46EEB9D3187743E500A9E83A /* zh-Hant */ = {isa = PBXFileReference; lastKnownFileType = text.plist.strings; name = "zh-Hant"; path = "zh-Hant.lproj/InfoPlist.strings"; sourceTree = "<group>"; };
		46EEB9D5187744BD00A9E83A /* Base */ = {isa = PBXFileReference; lastKnownFileType = text.plist.strings; name = Base; path = Base.lproj/Localizable.strings; sourceTree = "<group>"; };
		46EEB9D7187744C500A9E83A /* en */ = {isa = PBXFileReference; lastKnownFileType = text.plist.strings; name = en; path = en.lproj/Localizable.strings; sourceTree = "<group>"; };
		46EEB9D8187744C600A9E83A /* zh-Hans */ = {isa = PBXFileReference; lastKnownFileType = text.plist.strings; name = "zh-Hans"; path = "zh-Hans.lproj/Localizable.strings"; sourceTree = "<group>"; };
		46EEB9D9187744C800A9E83A /* zh-Hant */ = {isa = PBXFileReference; lastKnownFileType = text.plist.strings; name = "zh-Hant"; path = "zh-Hant.lproj/Localizable.strings"; sourceTree = "<group>"; };
		46EEB9DA1877769B00A9E83A /* RSConstants.h */ = {isa = PBXFileReference; lastKnownFileType = sourcecode.c.h; path = RSConstants.h; sourceTree = "<group>"; };
		88B49D21AA1849DCAC899F2D /* libPods.a */ = {isa = PBXFileReference; explicitFileType = archive.ar; includeInIndex = 0; path = libPods.a; sourceTree = BUILT_PRODUCTS_DIR; };
		AD14B5FDF5AD4CE1832846E7 /* Pods.xcconfig */ = {isa = PBXFileReference; includeInIndex = 1; lastKnownFileType = text.xcconfig; name = Pods.xcconfig; path = Pods/Pods.xcconfig; sourceTree = "<group>"; };
/* End PBXFileReference section */

/* Begin PBXFrameworksBuildPhase section */
		46D4AAA718655E6700F787BA /* Frameworks */ = {
			isa = PBXFrameworksBuildPhase;
			buildActionMask = 2147483647;
			files = (
				464282F218788487007E13F7 /* iAd.framework in Frameworks */,
				46EEB9BF187734CB00A9E83A /* AVFoundation.framework in Frameworks */,
				46AC5AFD1865648E006CAAD1 /* MapKit.framework in Frameworks */,
				46D4AAB018655E6700F787BA /* CoreGraphics.framework in Frameworks */,
				46D4AAB218655E6700F787BA /* UIKit.framework in Frameworks */,
				46D4AAAE18655E6700F787BA /* Foundation.framework in Frameworks */,
				46AC5AFB18656098006CAAD1 /* AudioToolbox.framework in Frameworks */,
				15A3F798A6CB417B9C2C0F91 /* libPods.a in Frameworks */,
			);
			runOnlyForDeploymentPostprocessing = 0;
		};
		46D4AACB18655E6800F787BA /* Frameworks */ = {
			isa = PBXFrameworksBuildPhase;
			buildActionMask = 2147483647;
			files = (
				46D4AAD018655E6800F787BA /* XCTest.framework in Frameworks */,
				46D4AAD218655E6800F787BA /* UIKit.framework in Frameworks */,
				46D4AAD118655E6800F787BA /* Foundation.framework in Frameworks */,
			);
			runOnlyForDeploymentPostprocessing = 0;
		};
/* End PBXFrameworksBuildPhase section */

/* Begin PBXGroup section */
		46847A981876139D001D4D44 /* JBChartHelper */ = {
			isa = PBXGroup;
			children = (
				46847A8A18761397001D4D44 /* JBChartHeaderView.h */,
				46847A8B18761397001D4D44 /* JBChartHeaderView.m */,
				46847A8C18761397001D4D44 /* JBChartInformationView.h */,
				46847A8D18761397001D4D44 /* JBChartInformationView.m */,
				46847A8E18761397001D4D44 /* JBColorConstants.h */,
				46847A8F18761397001D4D44 /* JBConstants.h */,
				46847A9018761397001D4D44 /* JBFontConstants.h */,
				46847A9118761397001D4D44 /* JBLineChartFooterView.h */,
				46847A9218761397001D4D44 /* JBLineChartFooterView.m */,
			);
			name = JBChartHelper;
			sourceTree = "<group>";
		};
		46C47DFA1870009200A990B0 /* Documents */ = {
			isa = PBXGroup;
			children = (
				46C47DF6186F6F4000A990B0 /* README.md */,
				46C47DF8186FFFC400A990B0 /* Known bug.md */,
			);
			name = Documents;
			sourceTree = "<group>";
		};
		46C6D4F018679ECF00CD5232 /* Model */ = {
			isa = PBXGroup;
			children = (
				46C6D4F118679ECF00CD5232 /* RSPath.h */,
				46C6D4F218679ECF00CD5232 /* RSPath.m */,
				46C6D4F318679ECF00CD5232 /* RSRecordManager.h */,
				46C6D4F418679ECF00CD5232 /* RSRecordManager.m */,
			);
			path = Model;
			sourceTree = "<group>";
		};
		46C6D4F718679F7B00CD5232 /* ViewController */ = {
			isa = PBXGroup;
			children = (
				46EEB9DA1877769B00A9E83A /* RSConstants.h */,
				46C6D4F818679F7B00CD5232 /* RSRunningVC.h */,
				46C6D4F918679F7B00CD5232 /* RSRunningVC.m */,
				46C6D4FA18679F7B00CD5232 /* RSStatsVC.h */,
				46C6D4FB18679F7B00CD5232 /* RSStatsVC.m */,
				46C47DFE187222A600A990B0 /* RSStatsFirstVC.h */,
				46C47DFF187222A600A990B0 /* RSStatsFirstVC.m */,
				46CBDC851874BEA800E3E5B7 /* RSRecordDetailsVC.h */,
				46CBDC861874BEA800E3E5B7 /* RSRecordDetailsVC.m */,
				46CBDC821874912C00E3E5B7 /* RSRecordCell.h */,
				46CBDC831874912C00E3E5B7 /* RSRecordCell.m */,
				46C47E031872268400A990B0 /* RSStatsSecondVC.h */,
				46C47E041872268400A990B0 /* RSStatsSecondVC.m */,
				46C47DFB1871467700A990B0 /* RSSettingsVC.h */,
				46C47DFC1871467700A990B0 /* RSSettingsVC.m */,
				46C47E0618722F7100A990B0 /* RSSettingsTVC.h */,
				46C47E0718722F7100A990B0 /* RSSettingsTVC.m */,
				46EEB9BB1876346800A9E83A /* RSSettingsDetailsVC.h */,
				46EEB9BC1876346800A9E83A /* RSSettingsDetailsVC.m */,
			);
			path = ViewController;
			sourceTree = "<group>";
		};
		46D4AAA118655E6700F787BA = {
			isa = PBXGroup;
			children = (
				46C47DFA1870009200A990B0 /* Documents */,
				46D4AAB318655E6700F787BA /* RunningStats */,
				46D4AAD518655E6800F787BA /* RunningStatsTests */,
				46D4AAAC18655E6700F787BA /* Frameworks */,
				46D4AAAB18655E6700F787BA /* Products */,
				AD14B5FDF5AD4CE1832846E7 /* Pods.xcconfig */,
			);
			sourceTree = "<group>";
		};
		46D4AAAB18655E6700F787BA /* Products */ = {
			isa = PBXGroup;
			children = (
				46D4AAAA18655E6700F787BA /* RunningStats.app */,
				46D4AACE18655E6800F787BA /* RunningStatsTests.xctest */,
			);
			name = Products;
			sourceTree = "<group>";
		};
		46D4AAAC18655E6700F787BA /* Frameworks */ = {
			isa = PBXGroup;
			children = (
				464282F118788487007E13F7 /* iAd.framework */,
				46EEB9BE187734CB00A9E83A /* AVFoundation.framework */,
				46AC5AFC1865648E006CAAD1 /* MapKit.framework */,
				46AC5AFA18656098006CAAD1 /* AudioToolbox.framework */,
				46D4AAAD18655E6700F787BA /* Foundation.framework */,
				46D4AAAF18655E6700F787BA /* CoreGraphics.framework */,
				46D4AAB118655E6700F787BA /* UIKit.framework */,
				46D4AACF18655E6800F787BA /* XCTest.framework */,
				88B49D21AA1849DCAC899F2D /* libPods.a */,
			);
			name = Frameworks;
			sourceTree = "<group>";
		};
		46D4AAB318655E6700F787BA /* RunningStats */ = {
			isa = PBXGroup;
			children = (
				46D4AAE618655EF200F787BA /* AppDelegate */,
				46C6D4F018679ECF00CD5232 /* Model */,
				46847A981876139D001D4D44 /* JBChartHelper */,
				46C6D4F718679F7B00CD5232 /* ViewController */,
				46D4AABF18655E6700F787BA /* Main.storyboard */,
				46D4AAB418655E6700F787BA /* Supporting Files */,
			);
			path = RunningStats;
			sourceTree = "<group>";
		};
		46D4AAB418655E6700F787BA /* Supporting Files */ = {
			isa = PBXGroup;
			children = (
				46EEB9D6187744BD00A9E83A /* Localizable.strings */,
				46EEB9C4187742A000A9E83A /* InfoPlist.strings */,
				46D4AAC818655E6700F787BA /* Images.xcassets */,
				46AC5AF918656062006CAAD1 /* RunningStats.entitlements */,
				46D4AAB518655E6700F787BA /* RunningStats-Info.plist */,
				46D4AAB918655E6700F787BA /* main.m */,
				46D4AABB18655E6700F787BA /* RunningStats-Prefix.pch */,
			);
			name = "Supporting Files";
			sourceTree = "<group>";
		};
		46D4AAD518655E6800F787BA /* RunningStatsTests */ = {
			isa = PBXGroup;
			children = (
				46D4AADB18655E6800F787BA /* RunningStatsTests.m */,
				46D4AAD618655E6800F787BA /* Supporting Files */,
			);
			path = RunningStatsTests;
			sourceTree = "<group>";
		};
		46D4AAD618655E6800F787BA /* Supporting Files */ = {
			isa = PBXGroup;
			children = (
				46D4AAD718655E6800F787BA /* RunningStatsTests-Info.plist */,
				46D4AAD818655E6800F787BA /* InfoPlist.strings */,
			);
			name = "Supporting Files";
			sourceTree = "<group>";
		};
		46D4AAE618655EF200F787BA /* AppDelegate */ = {
			isa = PBXGroup;
			children = (
				46D4AAE718655EF200F787BA /* RSAppDelegate.h */,
				46D4AAE818655EF200F787BA /* RSAppDelegate.m */,
			);
			name = AppDelegate;
			path = Other;
			sourceTree = "<group>";
		};
/* End PBXGroup section */

/* Begin PBXNativeTarget section */
		46D4AAA918655E6700F787BA /* RunningStats */ = {
			isa = PBXNativeTarget;
			buildConfigurationList = 46D4AADF18655E6800F787BA /* Build configuration list for PBXNativeTarget "RunningStats" */;
			buildPhases = (
				EBC60F89E9BA4C919B3C83BB /* Check Pods Manifest.lock */,
				46D4AAA618655E6700F787BA /* Sources */,
				46D4AAA718655E6700F787BA /* Frameworks */,
				46D4AAA818655E6700F787BA /* Resources */,
				8075A844DCF64BFDB7E3EA20 /* Copy Pods Resources */,
			);
			buildRules = (
			);
			dependencies = (
			);
			name = RunningStats;
			productName = RunningStats;
			productReference = 46D4AAAA18655E6700F787BA /* RunningStats.app */;
			productType = "com.apple.product-type.application";
		};
		46D4AACD18655E6800F787BA /* RunningStatsTests */ = {
			isa = PBXNativeTarget;
			buildConfigurationList = 46D4AAE218655E6800F787BA /* Build configuration list for PBXNativeTarget "RunningStatsTests" */;
			buildPhases = (
				46D4AACA18655E6800F787BA /* Sources */,
				46D4AACB18655E6800F787BA /* Frameworks */,
				46D4AACC18655E6800F787BA /* Resources */,
			);
			buildRules = (
			);
			dependencies = (
				46D4AAD418655E6800F787BA /* PBXTargetDependency */,
			);
			name = RunningStatsTests;
			productName = RunningStatsTests;
			productReference = 46D4AACE18655E6800F787BA /* RunningStatsTests.xctest */;
			productType = "com.apple.product-type.bundle.unit-test";
		};
/* End PBXNativeTarget section */

/* Begin PBXProject section */
		46D4AAA218655E6700F787BA /* Project object */ = {
			isa = PBXProject;
			attributes = {
				CLASSPREFIX = RS;
				LastUpgradeCheck = 0500;
				ORGANIZATIONNAME = hk;
				TargetAttributes = {
					46D4AAA918655E6700F787BA = {
						DevelopmentTeam = GVRWTQ7EVM;
						SystemCapabilities = {
							com.apple.BackgroundModes = {
								enabled = 1;
							};
							com.apple.InterAppAudio = {
								enabled = 1;
							};
							com.apple.iCloud = {
								enabled = 0;
							};
							com.apple.iOS = {
								enabled = 0;
							};
						};
					};
					46D4AACD18655E6800F787BA = {
						TestTargetID = 46D4AAA918655E6700F787BA;
					};
				};
			};
			buildConfigurationList = 46D4AAA518655E6700F787BA /* Build configuration list for PBXProject "RunningStats" */;
			compatibilityVersion = "Xcode 3.2";
			developmentRegion = English;
			hasScannedForEncodings = 0;
			knownRegions = (
				en,
				Base,
				"zh-Hans",
				"zh-Hant",
			);
			mainGroup = 46D4AAA118655E6700F787BA;
			productRefGroup = 46D4AAAB18655E6700F787BA /* Products */;
			projectDirPath = "";
			projectRoot = "";
			targets = (
				46D4AAA918655E6700F787BA /* RunningStats */,
				46D4AACD18655E6800F787BA /* RunningStatsTests */,
			);
		};
/* End PBXProject section */

/* Begin PBXResourcesBuildPhase section */
		46D4AAA818655E6700F787BA /* Resources */ = {
			isa = PBXResourcesBuildPhase;
			buildActionMask = 2147483647;
			files = (
				46D4AAC918655E6700F787BA /* Images.xcassets in Resources */,
				46EEB9C8187742A000A9E83A /* InfoPlist.strings in Resources */,
				46C47DF7186F6F4000A990B0 /* README.md in Resources */,
				46EEB9D4187744BD00A9E83A /* Localizable.strings in Resources */,
				46D4AAC118655E6700F787BA /* Main.storyboard in Resources */,
				46C47DF9186FFFC400A990B0 /* Known bug.md in Resources */,
			);
			runOnlyForDeploymentPostprocessing = 0;
		};
		46D4AACC18655E6800F787BA /* Resources */ = {
			isa = PBXResourcesBuildPhase;
			buildActionMask = 2147483647;
			files = (
				46D4AADA18655E6800F787BA /* InfoPlist.strings in Resources */,
			);
			runOnlyForDeploymentPostprocessing = 0;
		};
/* End PBXResourcesBuildPhase section */

/* Begin PBXShellScriptBuildPhase section */
		8075A844DCF64BFDB7E3EA20 /* Copy Pods Resources */ = {
			isa = PBXShellScriptBuildPhase;
			buildActionMask = 2147483647;
			files = (
			);
			inputPaths = (
			);
			name = "Copy Pods Resources";
			outputPaths = (
			);
			runOnlyForDeploymentPostprocessing = 0;
			shellPath = /bin/sh;
			shellScript = "\"${SRCROOT}/Pods/Pods-resources.sh\"\n";
			showEnvVarsInLog = 0;
		};
		EBC60F89E9BA4C919B3C83BB /* Check Pods Manifest.lock */ = {
			isa = PBXShellScriptBuildPhase;
			buildActionMask = 2147483647;
			files = (
			);
			inputPaths = (
			);
			name = "Check Pods Manifest.lock";
			outputPaths = (
			);
			runOnlyForDeploymentPostprocessing = 0;
			shellPath = /bin/sh;
			shellScript = "diff \"${PODS_ROOT}/../Podfile.lock\" \"${PODS_ROOT}/Manifest.lock\" > /dev/null\nif [[ $? != 0 ]] ; then\n    cat << EOM\nerror: The sandbox is not in sync with the Podfile.lock. Run 'pod install' or update your CocoaPods installation.\nEOM\n    exit 1\nfi\n";
			showEnvVarsInLog = 0;
		};
/* End PBXShellScriptBuildPhase section */

/* Begin PBXSourcesBuildPhase section */
		46D4AAA618655E6700F787BA /* Sources */ = {
			isa = PBXSourcesBuildPhase;
			buildActionMask = 2147483647;
			files = (
				46C47E00187222A600A990B0 /* RSStatsFirstVC.m in Sources */,
				46C47E0818722F7100A990B0 /* RSSettingsTVC.m in Sources */,
				46C6D4FC18679F7B00CD5232 /* RSRunningVC.m in Sources */,
				46CBDC841874912C00E3E5B7 /* RSRecordCell.m in Sources */,
				46D4AABA18655E6700F787BA /* main.m in Sources */,
				46EEB9BD1876346800A9E83A /* RSSettingsDetailsVC.m in Sources */,
				46847A9718761397001D4D44 /* JBLineChartFooterView.m in Sources */,
				46CBDC871874BEA800E3E5B7 /* RSRecordDetailsVC.m in Sources */,
				46C6D4F618679ECF00CD5232 /* RSRecordManager.m in Sources */,
				46C47DFD1871467700A990B0 /* RSSettingsVC.m in Sources */,
				46D4AAE918655EF200F787BA /* RSAppDelegate.m in Sources */,
				46C47E051872268400A990B0 /* RSStatsSecondVC.m in Sources */,
				46847A9518761397001D4D44 /* JBChartHeaderView.m in Sources */,
				46C6D4F518679ECF00CD5232 /* RSPath.m in Sources */,
				46847A9618761397001D4D44 /* JBChartInformationView.m in Sources */,
				46C6D4FD18679F7B00CD5232 /* RSStatsVC.m in Sources */,
			);
			runOnlyForDeploymentPostprocessing = 0;
		};
		46D4AACA18655E6800F787BA /* Sources */ = {
			isa = PBXSourcesBuildPhase;
			buildActionMask = 2147483647;
			files = (
				46D4AADC18655E6800F787BA /* RunningStatsTests.m in Sources */,
			);
			runOnlyForDeploymentPostprocessing = 0;
		};
/* End PBXSourcesBuildPhase section */

/* Begin PBXTargetDependency section */
		46D4AAD418655E6800F787BA /* PBXTargetDependency */ = {
			isa = PBXTargetDependency;
			target = 46D4AAA918655E6700F787BA /* RunningStats */;
			targetProxy = 46D4AAD318655E6800F787BA /* PBXContainerItemProxy */;
		};
/* End PBXTargetDependency section */

/* Begin PBXVariantGroup section */
		46D4AABF18655E6700F787BA /* Main.storyboard */ = {
			isa = PBXVariantGroup;
			children = (
				46D4AAC018655E6700F787BA /* Base */,
				46C47E021872251200A990B0 /* en */,
				46EEB9CC187743CD00A9E83A /* zh-Hans */,
				46EEB9D0187743E500A9E83A /* zh-Hant */,
			);
			name = Main.storyboard;
			sourceTree = "<group>";
		};
		46D4AAD818655E6800F787BA /* InfoPlist.strings */ = {
			isa = PBXVariantGroup;
			children = (
				46D4AAD918655E6800F787BA /* en */,
				46EEB9CF187743CD00A9E83A /* zh-Hans */,
				46EEB9D3187743E500A9E83A /* zh-Hant */,
			);
			name = InfoPlist.strings;
			sourceTree = "<group>";
		};
		46EEB9C4187742A000A9E83A /* InfoPlist.strings */ = {
			isa = PBXVariantGroup;
			children = (
				46EEB9C5187742A000A9E83A /* en */,
				46EEB9CD187743CD00A9E83A /* zh-Hans */,
				46EEB9D1187743E500A9E83A /* zh-Hant */,
			);
			name = InfoPlist.strings;
			path = en.lproj;
			sourceTree = "<group>";
		};
		46EEB9D6187744BD00A9E83A /* Localizable.strings */ = {
			isa = PBXVariantGroup;
			children = (
				46EEB9D5187744BD00A9E83A /* Base */,
				46EEB9D7187744C500A9E83A /* en */,
				46EEB9D8187744C600A9E83A /* zh-Hans */,
				46EEB9D9187744C800A9E83A /* zh-Hant */,
			);
			name = Localizable.strings;
			sourceTree = "<group>";
		};
/* End PBXVariantGroup section */

/* Begin XCBuildConfiguration section */
		46D4AADD18655E6800F787BA /* Debug */ = {
			isa = XCBuildConfiguration;
			buildSettings = {
				ALWAYS_SEARCH_USER_PATHS = NO;
				ARCHS = "$(ARCHS_STANDARD_INCLUDING_64_BIT)";
				CLANG_CXX_LANGUAGE_STANDARD = "gnu++0x";
				CLANG_CXX_LIBRARY = "libc++";
				CLANG_ENABLE_MODULES = YES;
				CLANG_ENABLE_OBJC_ARC = YES;
				CLANG_WARN_BOOL_CONVERSION = YES;
				CLANG_WARN_CONSTANT_CONVERSION = YES;
				CLANG_WARN_DIRECT_OBJC_ISA_USAGE = YES_ERROR;
				CLANG_WARN_EMPTY_BODY = YES;
				CLANG_WARN_ENUM_CONVERSION = YES;
				CLANG_WARN_INT_CONVERSION = YES;
				CLANG_WARN_OBJC_ROOT_CLASS = YES_ERROR;
				CLANG_WARN__DUPLICATE_METHOD_MATCH = YES;
				"CODE_SIGN_IDENTITY[sdk=iphoneos*]" = "iPhone Developer";
				COPY_PHASE_STRIP = NO;
				GCC_C_LANGUAGE_STANDARD = gnu99;
				GCC_DYNAMIC_NO_PIC = NO;
				GCC_OPTIMIZATION_LEVEL = 0;
				GCC_PREPROCESSOR_DEFINITIONS = (
					"DEBUG=1",
					"$(inherited)",
				);
				GCC_SYMBOLS_PRIVATE_EXTERN = NO;
				GCC_WARN_64_TO_32_BIT_CONVERSION = YES;
				GCC_WARN_ABOUT_RETURN_TYPE = YES_ERROR;
				GCC_WARN_UNDECLARED_SELECTOR = YES;
				GCC_WARN_UNINITIALIZED_AUTOS = YES;
				GCC_WARN_UNUSED_FUNCTION = YES;
				GCC_WARN_UNUSED_VARIABLE = YES;
				IPHONEOS_DEPLOYMENT_TARGET = 7.0;
				ONLY_ACTIVE_ARCH = YES;
				SDKROOT = iphoneos;
			};
			name = Debug;
		};
		46D4AADE18655E6800F787BA /* Release */ = {
			isa = XCBuildConfiguration;
			buildSettings = {
				ALWAYS_SEARCH_USER_PATHS = NO;
				ARCHS = "$(ARCHS_STANDARD_INCLUDING_64_BIT)";
				CLANG_CXX_LANGUAGE_STANDARD = "gnu++0x";
				CLANG_CXX_LIBRARY = "libc++";
				CLANG_ENABLE_MODULES = YES;
				CLANG_ENABLE_OBJC_ARC = YES;
				CLANG_WARN_BOOL_CONVERSION = YES;
				CLANG_WARN_CONSTANT_CONVERSION = YES;
				CLANG_WARN_DIRECT_OBJC_ISA_USAGE = YES_ERROR;
				CLANG_WARN_EMPTY_BODY = YES;
				CLANG_WARN_ENUM_CONVERSION = YES;
				CLANG_WARN_INT_CONVERSION = YES;
				CLANG_WARN_OBJC_ROOT_CLASS = YES_ERROR;
				CLANG_WARN__DUPLICATE_METHOD_MATCH = YES;
				"CODE_SIGN_IDENTITY[sdk=iphoneos*]" = "iPhone Developer";
				COPY_PHASE_STRIP = YES;
				ENABLE_NS_ASSERTIONS = NO;
				GCC_C_LANGUAGE_STANDARD = gnu99;
				GCC_WARN_64_TO_32_BIT_CONVERSION = YES;
				GCC_WARN_ABOUT_RETURN_TYPE = YES_ERROR;
				GCC_WARN_UNDECLARED_SELECTOR = YES;
				GCC_WARN_UNINITIALIZED_AUTOS = YES;
				GCC_WARN_UNUSED_FUNCTION = YES;
				GCC_WARN_UNUSED_VARIABLE = YES;
				IPHONEOS_DEPLOYMENT_TARGET = 7.0;
				SDKROOT = iphoneos;
				VALIDATE_PRODUCT = YES;
			};
			name = Release;
		};
		46D4AAE018655E6800F787BA /* Debug */ = {
			isa = XCBuildConfiguration;
			baseConfigurationReference = AD14B5FDF5AD4CE1832846E7 /* Pods.xcconfig */;
			buildSettings = {
				ASSETCATALOG_COMPILER_APPICON_NAME = AppIcon;
				ASSETCATALOG_COMPILER_LAUNCHIMAGE_NAME = LaunchImage;
				CODE_SIGN_ENTITLEMENTS = RunningStats/RunningStats.entitlements;
				CODE_SIGN_IDENTITY = "iPhone Developer";
				"CODE_SIGN_IDENTITY[sdk=iphoneos*]" = "iPhone Developer";
				GCC_PRECOMPILE_PREFIX_HEADER = YES;
				GCC_PREFIX_HEADER = "RunningStats/RunningStats-Prefix.pch";
				INFOPLIST_FILE = "RunningStats/RunningStats-Info.plist";
				PRODUCT_NAME = "$(TARGET_NAME)";
				PROVISIONING_PROFILE = "";
				WRAPPER_EXTENSION = app;
			};
			name = Debug;
		};
		46D4AAE118655E6800F787BA /* Release */ = {
			isa = XCBuildConfiguration;
			baseConfigurationReference = AD14B5FDF5AD4CE1832846E7 /* Pods.xcconfig */;
			buildSettings = {
				ASSETCATALOG_COMPILER_APPICON_NAME = AppIcon;
				ASSETCATALOG_COMPILER_LAUNCHIMAGE_NAME = LaunchImage;
				CODE_SIGN_ENTITLEMENTS = RunningStats/RunningStats.entitlements;
				CODE_SIGN_IDENTITY = "iPhone Developer";
				"CODE_SIGN_IDENTITY[sdk=iphoneos*]" = "iPhone Developer";
				GCC_PRECOMPILE_PREFIX_HEADER = YES;
				GCC_PREFIX_HEADER = "RunningStats/RunningStats-Prefix.pch";
				INFOPLIST_FILE = "RunningStats/RunningStats-Info.plist";
				PRODUCT_NAME = "$(TARGET_NAME)";
				PROVISIONING_PROFILE = "";
				WRAPPER_EXTENSION = app;
			};
			name = Release;
		};
		46D4AAE318655E6800F787BA /* Debug */ = {
			isa = XCBuildConfiguration;
			buildSettings = {
				ARCHS = "$(ARCHS_STANDARD_INCLUDING_64_BIT)";
				BUNDLE_LOADER = "$(BUILT_PRODUCTS_DIR)/RunningStats.app/RunningStats";
				FRAMEWORK_SEARCH_PATHS = (
					"$(SDKROOT)/Developer/Library/Frameworks",
					"$(inherited)",
					"$(DEVELOPER_FRAMEWORKS_DIR)",
				);
				GCC_PRECOMPILE_PREFIX_HEADER = YES;
				GCC_PREFIX_HEADER = "RunningStats/RunningStats-Prefix.pch";
				GCC_PREPROCESSOR_DEFINITIONS = (
					"DEBUG=1",
					"$(inherited)",
				);
				INFOPLIST_FILE = "RunningStatsTests/RunningStatsTests-Info.plist";
				PRODUCT_NAME = "$(TARGET_NAME)";
				TEST_HOST = "$(BUNDLE_LOADER)";
				WRAPPER_EXTENSION = xctest;
			};
			name = Debug;
		};
		46D4AAE418655E6800F787BA /* Release */ = {
			isa = XCBuildConfiguration;
			buildSettings = {
				ARCHS = "$(ARCHS_STANDARD_INCLUDING_64_BIT)";
				BUNDLE_LOADER = "$(BUILT_PRODUCTS_DIR)/RunningStats.app/RunningStats";
				FRAMEWORK_SEARCH_PATHS = (
					"$(SDKROOT)/Developer/Library/Frameworks",
					"$(inherited)",
					"$(DEVELOPER_FRAMEWORKS_DIR)",
				);
				GCC_PRECOMPILE_PREFIX_HEADER = YES;
				GCC_PREFIX_HEADER = "RunningStats/RunningStats-Prefix.pch";
				INFOPLIST_FILE = "RunningStatsTests/RunningStatsTests-Info.plist";
				PRODUCT_NAME = "$(TARGET_NAME)";
				TEST_HOST = "$(BUNDLE_LOADER)";
				WRAPPER_EXTENSION = xctest;
			};
			name = Release;
		};
/* End XCBuildConfiguration section */

/* Begin XCConfigurationList section */
		46D4AAA518655E6700F787BA /* Build configuration list for PBXProject "RunningStats" */ = {
			isa = XCConfigurationList;
			buildConfigurations = (
				46D4AADD18655E6800F787BA /* Debug */,
				46D4AADE18655E6800F787BA /* Release */,
			);
			defaultConfigurationIsVisible = 0;
			defaultConfigurationName = Release;
		};
		46D4AADF18655E6800F787BA /* Build configuration list for PBXNativeTarget "RunningStats" */ = {
			isa = XCConfigurationList;
			buildConfigurations = (
				46D4AAE018655E6800F787BA /* Debug */,
				46D4AAE118655E6800F787BA /* Release */,
			);
			defaultConfigurationIsVisible = 0;
			defaultConfigurationName = Release;
		};
		46D4AAE218655E6800F787BA /* Build configuration list for PBXNativeTarget "RunningStatsTests" */ = {
			isa = XCConfigurationList;
			buildConfigurations = (
				46D4AAE318655E6800F787BA /* Debug */,
				46D4AAE418655E6800F787BA /* Release */,
			);
			defaultConfigurationIsVisible = 0;
			defaultConfigurationName = Release;
		};
/* End XCConfigurationList section */
	};
	rootObject = 46D4AAA218655E6700F787BA /* Project object */;
}
