// !$*UTF8*$!
{
	archiveVersion = 1;
	classes = {
	};
	objectVersion = 46;
	objects = {

/* Begin PBXBuildFile section */
		15A3F798A6CB417B9C2C0F91 /* libPods.a in Frameworks */ = {isa = PBXBuildFile; fileRef = 88B49D21AA1849DCAC899F2D /* libPods.a */; };
		46071A9418E228AB00014C5F /* RSAnnotation.m in Sources */ = {isa = PBXBuildFile; fileRef = 46071A9318E228AB00014C5F /* RSAnnotation.m */; };
		4610CD451878F5C20006E36D /* InfoPlist.strings in Resources */ = {isa = PBXBuildFile; fileRef = 4610CD431878F5C20006E36D /* InfoPlist.strings */; };
		462496651878FD4100F1FF9B /* Main.storyboard in Resources */ = {isa = PBXBuildFile; fileRef = 462496631878FD4100F1FF9B /* Main.storyboard */; };
		4652377A1878DDCE000BFE5E /* RSRecordCell.m in Sources */ = {isa = PBXBuildFile; fileRef = 465237691878DDCE000BFE5E /* RSRecordCell.m */; };
		4652377B1878DDCE000BFE5E /* RSRecordDetailsVC.m in Sources */ = {isa = PBXBuildFile; fileRef = 4652376B1878DDCE000BFE5E /* RSRecordDetailsVC.m */; };
		4652377C1878DDCE000BFE5E /* RSRunningVC.m in Sources */ = {isa = PBXBuildFile; fileRef = 4652376D1878DDCE000BFE5E /* RSRunningVC.m */; };
		4652377D1878DDCE000BFE5E /* RSSettingsDetailsVC.m in Sources */ = {isa = PBXBuildFile; fileRef = 4652376F1878DDCE000BFE5E /* RSSettingsDetailsVC.m */; };
		4652377E1878DDCE000BFE5E /* RSSettingsTVC.m in Sources */ = {isa = PBXBuildFile; fileRef = 465237711878DDCE000BFE5E /* RSSettingsTVC.m */; };
		4652377F1878DDCE000BFE5E /* RSSettingsVC.m in Sources */ = {isa = PBXBuildFile; fileRef = 465237731878DDCE000BFE5E /* RSSettingsVC.m */; };
		465237801878DDCE000BFE5E /* RSStatsFirstVC.m in Sources */ = {isa = PBXBuildFile; fileRef = 465237751878DDCE000BFE5E /* RSStatsFirstVC.m */; };
		465237811878DDCE000BFE5E /* RSStatsSecondVC.m in Sources */ = {isa = PBXBuildFile; fileRef = 465237771878DDCE000BFE5E /* RSStatsSecondVC.m */; };
		465237821878DDCE000BFE5E /* RSStatsVC.m in Sources */ = {isa = PBXBuildFile; fileRef = 465237791878DDCE000BFE5E /* RSStatsVC.m */; };
		4652378F1878DE89000BFE5E /* RSAppDelegate.m in Sources */ = {isa = PBXBuildFile; fileRef = 4652378E1878DE89000BFE5E /* RSAppDelegate.m */; };
		465237951878DE98000BFE5E /* RSPath.m in Sources */ = {isa = PBXBuildFile; fileRef = 465237921878DE98000BFE5E /* RSPath.m */; };
		465237961878DE98000BFE5E /* RSRecordManager.m in Sources */ = {isa = PBXBuildFile; fileRef = 465237941878DE98000BFE5E /* RSRecordManager.m */; };
		465237A31878DEA1000BFE5E /* JBChartHeaderView.m in Sources */ = {isa = PBXBuildFile; fileRef = 465237991878DEA1000BFE5E /* JBChartHeaderView.m */; };
		465237A41878DEA1000BFE5E /* JBChartInformationView.m in Sources */ = {isa = PBXBuildFile; fileRef = 4652379B1878DEA1000BFE5E /* JBChartInformationView.m */; };
		465237A51878DEA1000BFE5E /* JBLineChartFooterView.m in Sources */ = {isa = PBXBuildFile; fileRef = 465237A01878DEA1000BFE5E /* JBLineChartFooterView.m */; };
		465237AC1878DECB000BFE5E /* main.m in Sources */ = {isa = PBXBuildFile; fileRef = 465237AB1878DECB000BFE5E /* main.m */; };
		465237AE1878DED1000BFE5E /* Images.xcassets in Resources */ = {isa = PBXBuildFile; fileRef = 465237AD1878DED1000BFE5E /* Images.xcassets */; };
		465237D21878E08F000BFE5E /* Localizable.strings in Resources */ = {isa = PBXBuildFile; fileRef = 465237D41878E08F000BFE5E /* Localizable.strings */; };
		4654523318E27689006B5333 /* GameKit.framework in Frameworks */ = {isa = PBXBuildFile; fileRef = 4654523218E27689006B5333 /* GameKit.framework */; };
		46679A4118DE745B0093E80A /* libGoogleAdMobAds.a in Frameworks */ = {isa = PBXBuildFile; fileRef = 46679A3F18DE745B0093E80A /* libGoogleAdMobAds.a */; };
		46679A4218DE745B0093E80A /* README.txt in Resources */ = {isa = PBXBuildFile; fileRef = 46679A4018DE745B0093E80A /* README.txt */; };
		4685E50418DE50BC00221E12 /* AdSupport.framework in Frameworks */ = {isa = PBXBuildFile; fileRef = 4685E50318DE50BC00221E12 /* AdSupport.framework */; };
		4685E50618DE50D100221E12 /* CoreTelephony.framework in Frameworks */ = {isa = PBXBuildFile; fileRef = 4685E50518DE50D100221E12 /* CoreTelephony.framework */; };
		4685E50818DE50DA00221E12 /* MessageUI.framework in Frameworks */ = {isa = PBXBuildFile; fileRef = 4685E50718DE50DA00221E12 /* MessageUI.framework */; };
		4685E50A18DE50E100221E12 /* StoreKit.framework in Frameworks */ = {isa = PBXBuildFile; fileRef = 4685E50918DE50E100221E12 /* StoreKit.framework */; };
		4685E50C18DE50E600221E12 /* SystemConfiguration.framework in Frameworks */ = {isa = PBXBuildFile; fileRef = 4685E50B18DE50E600221E12 /* SystemConfiguration.framework */; };
		468D10441892F3430012E84E /* New Version Description in Multi-lang in Resources */ = {isa = PBXBuildFile; fileRef = 468D10431892F3430012E84E /* New Version Description in Multi-lang */; };
		46AC5AFB18656098006CAAD1 /* AudioToolbox.framework in Frameworks */ = {isa = PBXBuildFile; fileRef = 46AC5AFA18656098006CAAD1 /* AudioToolbox.framework */; };
		46AC5AFD1865648E006CAAD1 /* MapKit.framework in Frameworks */ = {isa = PBXBuildFile; fileRef = 46AC5AFC1865648E006CAAD1 /* MapKit.framework */; };
		46AD93C818E5197A00EAD300 /* RSGameKitHelper.m in Sources */ = {isa = PBXBuildFile; fileRef = 46AD93C718E5197A00EAD300 /* RSGameKitHelper.m */; };
		46B70A1C18F73A2F00BB4AD7 /* CoreData.framework in Frameworks */ = {isa = PBXBuildFile; fileRef = 46B70A1B18F73A2F00BB4AD7 /* CoreData.framework */; };
		46B70A2518F73A7400BB4AD7 /* libGoogleAnalyticsServices.a in Frameworks */ = {isa = PBXBuildFile; fileRef = 46B70A2418F73A7400BB4AD7 /* libGoogleAnalyticsServices.a */; };
		46B70A2718F73AA300BB4AD7 /* libz.dylib in Frameworks */ = {isa = PBXBuildFile; fileRef = 46B70A2618F73AA300BB4AD7 /* libz.dylib */; };
		46B70A2918F73D7800BB4AD7 /* libsqlite3.dylib in Frameworks */ = {isa = PBXBuildFile; fileRef = 46B70A2818F73D7800BB4AD7 /* libsqlite3.dylib */; };
		46B70A2C18F7B52000BB4AD7 /* RSAddRecordVC.m in Sources */ = {isa = PBXBuildFile; fileRef = 46B70A2B18F7B52000BB4AD7 /* RSAddRecordVC.m */; };
		46D4AAAE18655E6700F787BA /* Foundation.framework in Frameworks */ = {isa = PBXBuildFile; fileRef = 46D4AAAD18655E6700F787BA /* Foundation.framework */; };
		46D4AAB018655E6700F787BA /* CoreGraphics.framework in Frameworks */ = {isa = PBXBuildFile; fileRef = 46D4AAAF18655E6700F787BA /* CoreGraphics.framework */; };
		46D4AAB218655E6700F787BA /* UIKit.framework in Frameworks */ = {isa = PBXBuildFile; fileRef = 46D4AAB118655E6700F787BA /* UIKit.framework */; };
		46E8E5341AE06DE500213F3A /* FBSDKCoreKit.framework in Frameworks */ = {isa = PBXBuildFile; fileRef = 46E8E5311AE06DE500213F3A /* FBSDKCoreKit.framework */; };
		46E8E5351AE06DE500213F3A /* FBSDKLoginKit.framework in Frameworks */ = {isa = PBXBuildFile; fileRef = 46E8E5321AE06DE500213F3A /* FBSDKLoginKit.framework */; };
		46E8E5361AE06DE500213F3A /* FBSDKShareKit.framework in Frameworks */ = {isa = PBXBuildFile; fileRef = 46E8E5331AE06DE500213F3A /* FBSDKShareKit.framework */; };
		46EEB9BF187734CB00A9E83A /* AVFoundation.framework in Frameworks */ = {isa = PBXBuildFile; fileRef = 46EEB9BE187734CB00A9E83A /* AVFoundation.framework */; };
/* End PBXBuildFile section */

/* Begin PBXFileReference section */
		46071A9218E228AB00014C5F /* RSAnnotation.h */ = {isa = PBXFileReference; fileEncoding = 4; lastKnownFileType = sourcecode.c.h; path = RSAnnotation.h; sourceTree = "<group>"; };
		46071A9318E228AB00014C5F /* RSAnnotation.m */ = {isa = PBXFileReference; fileEncoding = 4; lastKnownFileType = sourcecode.c.objc; path = RSAnnotation.m; sourceTree = "<group>"; };
		460B29F318830E78006D6A9B /* de */ = {isa = PBXFileReference; lastKnownFileType = text.plist.strings; name = de; path = de.lproj/Main.strings; sourceTree = "<group>"; };
		460B29F418830E78006D6A9B /* de */ = {isa = PBXFileReference; lastKnownFileType = text.plist.strings; name = de; path = de.lproj/InfoPlist.strings; sourceTree = "<group>"; };
		460B29F518830E78006D6A9B /* de */ = {isa = PBXFileReference; lastKnownFileType = text.plist.strings; name = de; path = de.lproj/Localizable.strings; sourceTree = "<group>"; };
		460D5318187A88CF00CC8D08 /* ja */ = {isa = PBXFileReference; lastKnownFileType = text.plist.strings; name = ja; path = ja.lproj/Main.strings; sourceTree = "<group>"; };
		460D5319187A88CF00CC8D08 /* ja */ = {isa = PBXFileReference; lastKnownFileType = text.plist.strings; name = ja; path = ja.lproj/InfoPlist.strings; sourceTree = "<group>"; };
		460D531A187A88CF00CC8D08 /* ja */ = {isa = PBXFileReference; lastKnownFileType = text.plist.strings; name = ja; path = ja.lproj/Localizable.strings; sourceTree = "<group>"; };
		4610CD441878F5C20006E36D /* Base */ = {isa = PBXFileReference; lastKnownFileType = text.plist.strings; name = Base; path = "Runner Stats/Base.lproj/InfoPlist.strings"; sourceTree = SOURCE_ROOT; };
		4610CD4B1878F6360006E36D /* zh-Hans */ = {isa = PBXFileReference; lastKnownFileType = text.plist.strings; name = "zh-Hans"; path = "zh-Hans.lproj/InfoPlist.strings"; sourceTree = "<group>"; };
		4610CD4C1878F6380006E36D /* zh-Hant */ = {isa = PBXFileReference; lastKnownFileType = text.plist.strings; name = "zh-Hant"; path = "zh-Hant.lproj/InfoPlist.strings"; sourceTree = "<group>"; };
		462496641878FD4100F1FF9B /* Base */ = {isa = PBXFileReference; lastKnownFileType = file.storyboard; name = Base; path = "Runner Stats/Base.lproj/Main.storyboard"; sourceTree = SOURCE_ROOT; };
		4631A9E8187D1AC900C09EA6 /* es */ = {isa = PBXFileReference; lastKnownFileType = text.plist.strings; name = es; path = es.lproj/Main.strings; sourceTree = "<group>"; };
		4631A9E9187D1AC900C09EA6 /* es */ = {isa = PBXFileReference; lastKnownFileType = text.plist.strings; name = es; path = es.lproj/InfoPlist.strings; sourceTree = "<group>"; };
		4631A9EA187D1AC900C09EA6 /* es */ = {isa = PBXFileReference; lastKnownFileType = text.plist.strings; name = es; path = es.lproj/Localizable.strings; sourceTree = "<group>"; };
		464282F118788487007E13F7 /* iAd.framework */ = {isa = PBXFileReference; lastKnownFileType = wrapper.framework; name = iAd.framework; path = System/Library/Frameworks/iAd.framework; sourceTree = SDKROOT; };
		465237671878DDCE000BFE5E /* RSConstants.h */ = {isa = PBXFileReference; fileEncoding = 4; lastKnownFileType = sourcecode.c.h; path = RSConstants.h; sourceTree = "<group>"; };
		465237681878DDCE000BFE5E /* RSRecordCell.h */ = {isa = PBXFileReference; fileEncoding = 4; lastKnownFileType = sourcecode.c.h; path = RSRecordCell.h; sourceTree = "<group>"; };
		465237691878DDCE000BFE5E /* RSRecordCell.m */ = {isa = PBXFileReference; fileEncoding = 4; lastKnownFileType = sourcecode.c.objc; path = RSRecordCell.m; sourceTree = "<group>"; };
		4652376A1878DDCE000BFE5E /* RSRecordDetailsVC.h */ = {isa = PBXFileReference; fileEncoding = 4; lastKnownFileType = sourcecode.c.h; path = RSRecordDetailsVC.h; sourceTree = "<group>"; };
		4652376B1878DDCE000BFE5E /* RSRecordDetailsVC.m */ = {isa = PBXFileReference; fileEncoding = 4; lastKnownFileType = sourcecode.c.objc; path = RSRecordDetailsVC.m; sourceTree = "<group>"; };
		4652376C1878DDCE000BFE5E /* RSRunningVC.h */ = {isa = PBXFileReference; fileEncoding = 4; lastKnownFileType = sourcecode.c.h; path = RSRunningVC.h; sourceTree = "<group>"; };
		4652376D1878DDCE000BFE5E /* RSRunningVC.m */ = {isa = PBXFileReference; fileEncoding = 4; lastKnownFileType = sourcecode.c.objc; path = RSRunningVC.m; sourceTree = "<group>"; };
		4652376E1878DDCE000BFE5E /* RSSettingsDetailsVC.h */ = {isa = PBXFileReference; fileEncoding = 4; lastKnownFileType = sourcecode.c.h; path = RSSettingsDetailsVC.h; sourceTree = "<group>"; };
		4652376F1878DDCE000BFE5E /* RSSettingsDetailsVC.m */ = {isa = PBXFileReference; fileEncoding = 4; lastKnownFileType = sourcecode.c.objc; path = RSSettingsDetailsVC.m; sourceTree = "<group>"; };
		465237701878DDCE000BFE5E /* RSSettingsTVC.h */ = {isa = PBXFileReference; fileEncoding = 4; lastKnownFileType = sourcecode.c.h; path = RSSettingsTVC.h; sourceTree = "<group>"; };
		465237711878DDCE000BFE5E /* RSSettingsTVC.m */ = {isa = PBXFileReference; fileEncoding = 4; lastKnownFileType = sourcecode.c.objc; path = RSSettingsTVC.m; sourceTree = "<group>"; };
		465237721878DDCE000BFE5E /* RSSettingsVC.h */ = {isa = PBXFileReference; fileEncoding = 4; lastKnownFileType = sourcecode.c.h; path = RSSettingsVC.h; sourceTree = "<group>"; };
		465237731878DDCE000BFE5E /* RSSettingsVC.m */ = {isa = PBXFileReference; fileEncoding = 4; lastKnownFileType = sourcecode.c.objc; path = RSSettingsVC.m; sourceTree = "<group>"; };
		465237741878DDCE000BFE5E /* RSStatsFirstVC.h */ = {isa = PBXFileReference; fileEncoding = 4; lastKnownFileType = sourcecode.c.h; path = RSStatsFirstVC.h; sourceTree = "<group>"; };
		465237751878DDCE000BFE5E /* RSStatsFirstVC.m */ = {isa = PBXFileReference; fileEncoding = 4; lastKnownFileType = sourcecode.c.objc; path = RSStatsFirstVC.m; sourceTree = "<group>"; };
		465237761878DDCE000BFE5E /* RSStatsSecondVC.h */ = {isa = PBXFileReference; fileEncoding = 4; lastKnownFileType = sourcecode.c.h; path = RSStatsSecondVC.h; sourceTree = "<group>"; };
		465237771878DDCE000BFE5E /* RSStatsSecondVC.m */ = {isa = PBXFileReference; fileEncoding = 4; lastKnownFileType = sourcecode.c.objc; path = RSStatsSecondVC.m; sourceTree = "<group>"; };
		465237781878DDCE000BFE5E /* RSStatsVC.h */ = {isa = PBXFileReference; fileEncoding = 4; lastKnownFileType = sourcecode.c.h; path = RSStatsVC.h; sourceTree = "<group>"; };
		465237791878DDCE000BFE5E /* RSStatsVC.m */ = {isa = PBXFileReference; fileEncoding = 4; lastKnownFileType = sourcecode.c.objc; path = RSStatsVC.m; sourceTree = "<group>"; };
		4652378D1878DE89000BFE5E /* RSAppDelegate.h */ = {isa = PBXFileReference; fileEncoding = 4; lastKnownFileType = sourcecode.c.h; path = RSAppDelegate.h; sourceTree = "<group>"; };
		4652378E1878DE89000BFE5E /* RSAppDelegate.m */ = {isa = PBXFileReference; fileEncoding = 4; lastKnownFileType = sourcecode.c.objc; path = RSAppDelegate.m; sourceTree = "<group>"; };
		465237911878DE98000BFE5E /* RSPath.h */ = {isa = PBXFileReference; fileEncoding = 4; lastKnownFileType = sourcecode.c.h; path = RSPath.h; sourceTree = "<group>"; };
		465237921878DE98000BFE5E /* RSPath.m */ = {isa = PBXFileReference; fileEncoding = 4; lastKnownFileType = sourcecode.c.objc; path = RSPath.m; sourceTree = "<group>"; };
		465237931878DE98000BFE5E /* RSRecordManager.h */ = {isa = PBXFileReference; fileEncoding = 4; lastKnownFileType = sourcecode.c.h; path = RSRecordManager.h; sourceTree = "<group>"; };
		465237941878DE98000BFE5E /* RSRecordManager.m */ = {isa = PBXFileReference; fileEncoding = 4; lastKnownFileType = sourcecode.c.objc; path = RSRecordManager.m; sourceTree = "<group>"; };
		465237981878DEA1000BFE5E /* JBChartHeaderView.h */ = {isa = PBXFileReference; fileEncoding = 4; lastKnownFileType = sourcecode.c.h; path = JBChartHeaderView.h; sourceTree = "<group>"; };
		465237991878DEA1000BFE5E /* JBChartHeaderView.m */ = {isa = PBXFileReference; fileEncoding = 4; lastKnownFileType = sourcecode.c.objc; path = JBChartHeaderView.m; sourceTree = "<group>"; };
		4652379A1878DEA1000BFE5E /* JBChartInformationView.h */ = {isa = PBXFileReference; fileEncoding = 4; lastKnownFileType = sourcecode.c.h; path = JBChartInformationView.h; sourceTree = "<group>"; };
		4652379B1878DEA1000BFE5E /* JBChartInformationView.m */ = {isa = PBXFileReference; fileEncoding = 4; lastKnownFileType = sourcecode.c.objc; path = JBChartInformationView.m; sourceTree = "<group>"; };
		4652379C1878DEA1000BFE5E /* JBColorConstants.h */ = {isa = PBXFileReference; fileEncoding = 4; lastKnownFileType = sourcecode.c.h; path = JBColorConstants.h; sourceTree = "<group>"; };
		4652379D1878DEA1000BFE5E /* JBConstants.h */ = {isa = PBXFileReference; fileEncoding = 4; lastKnownFileType = sourcecode.c.h; path = JBConstants.h; sourceTree = "<group>"; };
		4652379E1878DEA1000BFE5E /* JBFontConstants.h */ = {isa = PBXFileReference; fileEncoding = 4; lastKnownFileType = sourcecode.c.h; path = JBFontConstants.h; sourceTree = "<group>"; };
		4652379F1878DEA1000BFE5E /* JBLineChartFooterView.h */ = {isa = PBXFileReference; fileEncoding = 4; lastKnownFileType = sourcecode.c.h; path = JBLineChartFooterView.h; sourceTree = "<group>"; };
		465237A01878DEA1000BFE5E /* JBLineChartFooterView.m */ = {isa = PBXFileReference; fileEncoding = 4; lastKnownFileType = sourcecode.c.objc; path = JBLineChartFooterView.m; sourceTree = "<group>"; };
		465237A11878DEA1000BFE5E /* JBStringConstants.h */ = {isa = PBXFileReference; fileEncoding = 4; lastKnownFileType = sourcecode.c.h; path = JBStringConstants.h; sourceTree = "<group>"; };
		465237A21878DEA1000BFE5E /* JBUIConstants.h */ = {isa = PBXFileReference; fileEncoding = 4; lastKnownFileType = sourcecode.c.h; path = JBUIConstants.h; sourceTree = "<group>"; };
		465237A61878DEC3000BFE5E /* Runner Stats-Info.plist */ = {isa = PBXFileReference; fileEncoding = 4; lastKnownFileType = text.plist.xml; name = "Runner Stats-Info.plist"; path = "Runner Stats/Runner Stats-Info.plist"; sourceTree = SOURCE_ROOT; };
		465237A71878DEC3000BFE5E /* Runner Stats-Prefix.pch */ = {isa = PBXFileReference; fileEncoding = 4; lastKnownFileType = sourcecode.c.h; name = "Runner Stats-Prefix.pch"; path = "Runner Stats/Runner Stats-Prefix.pch"; sourceTree = SOURCE_ROOT; };
		465237AB1878DECB000BFE5E /* main.m */ = {isa = PBXFileReference; fileEncoding = 4; lastKnownFileType = sourcecode.c.objc; name = main.m; path = "Runner Stats/main.m"; sourceTree = SOURCE_ROOT; };
		465237AD1878DED1000BFE5E /* Images.xcassets */ = {isa = PBXFileReference; lastKnownFileType = folder.assetcatalog; name = Images.xcassets; path = "Runner Stats/Images.xcassets"; sourceTree = SOURCE_ROOT; };
		465237D51878E095000BFE5E /* Base */ = {isa = PBXFileReference; lastKnownFileType = text.plist.strings; name = Base; path = Base.lproj/Localizable.strings; sourceTree = "<group>"; };
		4654523218E27689006B5333 /* GameKit.framework */ = {isa = PBXFileReference; lastKnownFileType = wrapper.framework; name = GameKit.framework; path = System/Library/Frameworks/GameKit.framework; sourceTree = SDKROOT; };
		465828291878F817006837E8 /* en */ = {isa = PBXFileReference; lastKnownFileType = text.plist.strings; name = en; path = en.lproj/Localizable.strings; sourceTree = "<group>"; };
		4658282A1878F818006837E8 /* zh-Hans */ = {isa = PBXFileReference; lastKnownFileType = text.plist.strings; name = "zh-Hans"; path = "zh-Hans.lproj/Localizable.strings"; sourceTree = "<group>"; };
		4658282B1878F819006837E8 /* zh-Hant */ = {isa = PBXFileReference; lastKnownFileType = text.plist.strings; name = "zh-Hant"; path = "zh-Hant.lproj/Localizable.strings"; sourceTree = "<group>"; };
		4658282C1878F867006837E8 /* en */ = {isa = PBXFileReference; lastKnownFileType = text.plist.strings; name = en; path = en.lproj/InfoPlist.strings; sourceTree = "<group>"; };
		466240021878FEEE00660F9F /* en */ = {isa = PBXFileReference; lastKnownFileType = text.plist.strings; name = en; path = en.lproj/Main.strings; sourceTree = "<group>"; };
		466240041878FEF000660F9F /* zh-Hant */ = {isa = PBXFileReference; lastKnownFileType = text.plist.strings; name = "zh-Hant"; path = "zh-Hant.lproj/Main.strings"; sourceTree = "<group>"; };
		466240061878FEF400660F9F /* zh-Hans */ = {isa = PBXFileReference; lastKnownFileType = text.plist.strings; name = "zh-Hans"; path = "zh-Hans.lproj/Main.strings"; sourceTree = "<group>"; };
		46679A3618DE745B0093E80A /* GADAdMobExtras.h */ = {isa = PBXFileReference; fileEncoding = 4; lastKnownFileType = sourcecode.c.h; name = GADAdMobExtras.h; path = AdMob/GADAdMobExtras.h; sourceTree = "<group>"; };
		46679A3718DE745B0093E80A /* GADAdNetworkExtras.h */ = {isa = PBXFileReference; fileEncoding = 4; lastKnownFileType = sourcecode.c.h; name = GADAdNetworkExtras.h; path = AdMob/GADAdNetworkExtras.h; sourceTree = "<group>"; };
		46679A3818DE745B0093E80A /* GADAdSize.h */ = {isa = PBXFileReference; fileEncoding = 4; lastKnownFileType = sourcecode.c.h; name = GADAdSize.h; path = AdMob/GADAdSize.h; sourceTree = "<group>"; };
		46679A3918DE745B0093E80A /* GADBannerView.h */ = {isa = PBXFileReference; fileEncoding = 4; lastKnownFileType = sourcecode.c.h; name = GADBannerView.h; path = AdMob/GADBannerView.h; sourceTree = "<group>"; };
		46679A3A18DE745B0093E80A /* GADBannerViewDelegate.h */ = {isa = PBXFileReference; fileEncoding = 4; lastKnownFileType = sourcecode.c.h; name = GADBannerViewDelegate.h; path = AdMob/GADBannerViewDelegate.h; sourceTree = "<group>"; };
		46679A3B18DE745B0093E80A /* GADInterstitial.h */ = {isa = PBXFileReference; fileEncoding = 4; lastKnownFileType = sourcecode.c.h; name = GADInterstitial.h; path = AdMob/GADInterstitial.h; sourceTree = "<group>"; };
		46679A3C18DE745B0093E80A /* GADInterstitialDelegate.h */ = {isa = PBXFileReference; fileEncoding = 4; lastKnownFileType = sourcecode.c.h; name = GADInterstitialDelegate.h; path = AdMob/GADInterstitialDelegate.h; sourceTree = "<group>"; };
		46679A3D18DE745B0093E80A /* GADRequest.h */ = {isa = PBXFileReference; fileEncoding = 4; lastKnownFileType = sourcecode.c.h; name = GADRequest.h; path = AdMob/GADRequest.h; sourceTree = "<group>"; };
		46679A3E18DE745B0093E80A /* GADRequestError.h */ = {isa = PBXFileReference; fileEncoding = 4; lastKnownFileType = sourcecode.c.h; name = GADRequestError.h; path = AdMob/GADRequestError.h; sourceTree = "<group>"; };
		46679A3F18DE745B0093E80A /* libGoogleAdMobAds.a */ = {isa = PBXFileReference; lastKnownFileType = archive.ar; name = libGoogleAdMobAds.a; path = AdMob/libGoogleAdMobAds.a; sourceTree = "<group>"; };
		46679A4018DE745B0093E80A /* README.txt */ = {isa = PBXFileReference; fileEncoding = 4; lastKnownFileType = text; name = README.txt; path = AdMob/README.txt; sourceTree = "<group>"; };
		4685E50318DE50BC00221E12 /* AdSupport.framework */ = {isa = PBXFileReference; lastKnownFileType = wrapper.framework; name = AdSupport.framework; path = System/Library/Frameworks/AdSupport.framework; sourceTree = SDKROOT; };
		4685E50518DE50D100221E12 /* CoreTelephony.framework */ = {isa = PBXFileReference; lastKnownFileType = wrapper.framework; name = CoreTelephony.framework; path = System/Library/Frameworks/CoreTelephony.framework; sourceTree = SDKROOT; };
		4685E50718DE50DA00221E12 /* MessageUI.framework */ = {isa = PBXFileReference; lastKnownFileType = wrapper.framework; name = MessageUI.framework; path = System/Library/Frameworks/MessageUI.framework; sourceTree = SDKROOT; };
		4685E50918DE50E100221E12 /* StoreKit.framework */ = {isa = PBXFileReference; lastKnownFileType = wrapper.framework; name = StoreKit.framework; path = System/Library/Frameworks/StoreKit.framework; sourceTree = SDKROOT; };
		4685E50B18DE50E600221E12 /* SystemConfiguration.framework */ = {isa = PBXFileReference; lastKnownFileType = wrapper.framework; name = SystemConfiguration.framework; path = System/Library/Frameworks/SystemConfiguration.framework; sourceTree = SDKROOT; };
		468D10431892F3430012E84E /* New Version Description in Multi-lang */ = {isa = PBXFileReference; fileEncoding = 4; lastKnownFileType = text; path = "New Version Description in Multi-lang"; sourceTree = "<group>"; };
		46AC5AFA18656098006CAAD1 /* AudioToolbox.framework */ = {isa = PBXFileReference; lastKnownFileType = wrapper.framework; name = AudioToolbox.framework; path = System/Library/Frameworks/AudioToolbox.framework; sourceTree = SDKROOT; };
		46AC5AFC1865648E006CAAD1 /* MapKit.framework */ = {isa = PBXFileReference; lastKnownFileType = wrapper.framework; name = MapKit.framework; path = System/Library/Frameworks/MapKit.framework; sourceTree = SDKROOT; };
		46AD93C618E5197A00EAD300 /* RSGameKitHelper.h */ = {isa = PBXFileReference; fileEncoding = 4; lastKnownFileType = sourcecode.c.h; path = RSGameKitHelper.h; sourceTree = "<group>"; };
		46AD93C718E5197A00EAD300 /* RSGameKitHelper.m */ = {isa = PBXFileReference; fileEncoding = 4; lastKnownFileType = sourcecode.c.objc; path = RSGameKitHelper.m; sourceTree = "<group>"; };
		46B70A1B18F73A2F00BB4AD7 /* CoreData.framework */ = {isa = PBXFileReference; lastKnownFileType = wrapper.framework; name = CoreData.framework; path = System/Library/Frameworks/CoreData.framework; sourceTree = SDKROOT; };
		46B70A1E18F73A7400BB4AD7 /* GAI.h */ = {isa = PBXFileReference; fileEncoding = 4; lastKnownFileType = sourcecode.c.h; path = GAI.h; sourceTree = "<group>"; };
		46B70A1F18F73A7400BB4AD7 /* GAIDictionaryBuilder.h */ = {isa = PBXFileReference; fileEncoding = 4; lastKnownFileType = sourcecode.c.h; path = GAIDictionaryBuilder.h; sourceTree = "<group>"; };
		46B70A2018F73A7400BB4AD7 /* GAIFields.h */ = {isa = PBXFileReference; fileEncoding = 4; lastKnownFileType = sourcecode.c.h; path = GAIFields.h; sourceTree = "<group>"; };
		46B70A2118F73A7400BB4AD7 /* GAILogger.h */ = {isa = PBXFileReference; fileEncoding = 4; lastKnownFileType = sourcecode.c.h; path = GAILogger.h; sourceTree = "<group>"; };
		46B70A2218F73A7400BB4AD7 /* GAITrackedViewController.h */ = {isa = PBXFileReference; fileEncoding = 4; lastKnownFileType = sourcecode.c.h; path = GAITrackedViewController.h; sourceTree = "<group>"; };
		46B70A2318F73A7400BB4AD7 /* GAITracker.h */ = {isa = PBXFileReference; fileEncoding = 4; lastKnownFileType = sourcecode.c.h; path = GAITracker.h; sourceTree = "<group>"; };
		46B70A2418F73A7400BB4AD7 /* libGoogleAnalyticsServices.a */ = {isa = PBXFileReference; lastKnownFileType = archive.ar; path = libGoogleAnalyticsServices.a; sourceTree = "<group>"; };
		46B70A2618F73AA300BB4AD7 /* libz.dylib */ = {isa = PBXFileReference; lastKnownFileType = "compiled.mach-o.dylib"; name = libz.dylib; path = usr/lib/libz.dylib; sourceTree = SDKROOT; };
		46B70A2818F73D7800BB4AD7 /* libsqlite3.dylib */ = {isa = PBXFileReference; lastKnownFileType = "compiled.mach-o.dylib"; name = libsqlite3.dylib; path = usr/lib/libsqlite3.dylib; sourceTree = SDKROOT; };
		46B70A2A18F7B52000BB4AD7 /* RSAddRecordVC.h */ = {isa = PBXFileReference; fileEncoding = 4; lastKnownFileType = sourcecode.c.h; path = RSAddRecordVC.h; sourceTree = "<group>"; };
		46B70A2B18F7B52000BB4AD7 /* RSAddRecordVC.m */ = {isa = PBXFileReference; fileEncoding = 4; lastKnownFileType = sourcecode.c.objc; path = RSAddRecordVC.m; sourceTree = "<group>"; };
		46B7D6C41878E44F000C5524 /* Runner Stats.entitlements */ = {isa = PBXFileReference; lastKnownFileType = text.xml; name = "Runner Stats.entitlements"; path = "Runner Stats/Runner Stats.entitlements"; sourceTree = SOURCE_ROOT; };
		46C47DF6186F6F4000A990B0 /* README.md */ = {isa = PBXFileReference; fileEncoding = 4; lastKnownFileType = text; path = README.md; sourceTree = "<group>"; };
		46C47DF8186FFFC400A990B0 /* Known bug.md */ = {isa = PBXFileReference; fileEncoding = 4; lastKnownFileType = text; path = "Known bug.md"; sourceTree = "<group>"; };
		46D4AAAA18655E6700F787BA /* Runner Stats.app */ = {isa = PBXFileReference; explicitFileType = wrapper.application; includeInIndex = 0; path = "Runner Stats.app"; sourceTree = BUILT_PRODUCTS_DIR; };
		46D4AAAD18655E6700F787BA /* Foundation.framework */ = {isa = PBXFileReference; lastKnownFileType = wrapper.framework; name = Foundation.framework; path = System/Library/Frameworks/Foundation.framework; sourceTree = SDKROOT; };
		46D4AAAF18655E6700F787BA /* CoreGraphics.framework */ = {isa = PBXFileReference; lastKnownFileType = wrapper.framework; name = CoreGraphics.framework; path = System/Library/Frameworks/CoreGraphics.framework; sourceTree = SDKROOT; };
		46D4AAB118655E6700F787BA /* UIKit.framework */ = {isa = PBXFileReference; lastKnownFileType = wrapper.framework; name = UIKit.framework; path = System/Library/Frameworks/UIKit.framework; sourceTree = SDKROOT; };
		46D4AACF18655E6800F787BA /* XCTest.framework */ = {isa = PBXFileReference; lastKnownFileType = wrapper.framework; name = XCTest.framework; path = Library/Frameworks/XCTest.framework; sourceTree = DEVELOPER_DIR; };
		46E8E5311AE06DE500213F3A /* FBSDKCoreKit.framework */ = {isa = PBXFileReference; lastKnownFileType = wrapper.framework; name = FBSDKCoreKit.framework; path = ../../../../../../Documents/FacebookSDK/FBSDKCoreKit.framework; sourceTree = "<group>"; };
		46E8E5321AE06DE500213F3A /* FBSDKLoginKit.framework */ = {isa = PBXFileReference; lastKnownFileType = wrapper.framework; name = FBSDKLoginKit.framework; path = ../../../../../../Documents/FacebookSDK/FBSDKLoginKit.framework; sourceTree = "<group>"; };
		46E8E5331AE06DE500213F3A /* FBSDKShareKit.framework */ = {isa = PBXFileReference; lastKnownFileType = wrapper.framework; name = FBSDKShareKit.framework; path = ../../../../../../Documents/FacebookSDK/FBSDKShareKit.framework; sourceTree = "<group>"; };
		46EEB9BE187734CB00A9E83A /* AVFoundation.framework */ = {isa = PBXFileReference; lastKnownFileType = wrapper.framework; name = AVFoundation.framework; path = System/Library/Frameworks/AVFoundation.framework; sourceTree = SDKROOT; };
		46FF0279187A062800E823BF /* fr */ = {isa = PBXFileReference; lastKnownFileType = text.plist.strings; name = fr; path = fr.lproj/Main.strings; sourceTree = "<group>"; };
		46FF027A187A062800E823BF /* fr */ = {isa = PBXFileReference; lastKnownFileType = text.plist.strings; name = fr; path = fr.lproj/InfoPlist.strings; sourceTree = "<group>"; };
		46FF027B187A062800E823BF /* fr */ = {isa = PBXFileReference; lastKnownFileType = text.plist.strings; name = fr; path = fr.lproj/Localizable.strings; sourceTree = "<group>"; };
		88B49D21AA1849DCAC899F2D /* libPods.a */ = {isa = PBXFileReference; explicitFileType = archive.ar; includeInIndex = 0; path = libPods.a; sourceTree = BUILT_PRODUCTS_DIR; };
		AD14B5FDF5AD4CE1832846E7 /* Pods.xcconfig */ = {isa = PBXFileReference; includeInIndex = 1; lastKnownFileType = text.xcconfig; name = Pods.xcconfig; path = Pods/Pods.xcconfig; sourceTree = "<group>"; };
/* End PBXFileReference section */

/* Begin PBXFrameworksBuildPhase section */
		46D4AAA718655E6700F787BA /* Frameworks */ = {
			isa = PBXFrameworksBuildPhase;
			buildActionMask = 2147483647;
			files = (
				46B70A2918F73D7800BB4AD7 /* libsqlite3.dylib in Frameworks */,
				46B70A2718F73AA300BB4AD7 /* libz.dylib in Frameworks */,
				46E8E5351AE06DE500213F3A /* FBSDKLoginKit.framework in Frameworks */,
				4685E50C18DE50E600221E12 /* SystemConfiguration.framework in Frameworks */,
				46B70A1C18F73A2F00BB4AD7 /* CoreData.framework in Frameworks */,
				4654523318E27689006B5333 /* GameKit.framework in Frameworks */,
				4685E50A18DE50E100221E12 /* StoreKit.framework in Frameworks */,
				4685E50818DE50DA00221E12 /* MessageUI.framework in Frameworks */,
				4685E50618DE50D100221E12 /* CoreTelephony.framework in Frameworks */,
				46E8E5341AE06DE500213F3A /* FBSDKCoreKit.framework in Frameworks */,
				4685E50418DE50BC00221E12 /* AdSupport.framework in Frameworks */,
				46EEB9BF187734CB00A9E83A /* AVFoundation.framework in Frameworks */,
				46AC5AFD1865648E006CAAD1 /* MapKit.framework in Frameworks */,
				46D4AAB018655E6700F787BA /* CoreGraphics.framework in Frameworks */,
				46D4AAB218655E6700F787BA /* UIKit.framework in Frameworks */,
				46B70A2518F73A7400BB4AD7 /* libGoogleAnalyticsServices.a in Frameworks */,
				46D4AAAE18655E6700F787BA /* Foundation.framework in Frameworks */,
				46E8E5361AE06DE500213F3A /* FBSDKShareKit.framework in Frameworks */,
				46679A4118DE745B0093E80A /* libGoogleAdMobAds.a in Frameworks */,
				46AC5AFB18656098006CAAD1 /* AudioToolbox.framework in Frameworks */,
				15A3F798A6CB417B9C2C0F91 /* libPods.a in Frameworks */,
			);
			runOnlyForDeploymentPostprocessing = 0;
		};
/* End PBXFrameworksBuildPhase section */

/* Begin PBXGroup section */
		465237661878DDCE000BFE5E /* ViewController */ = {
			isa = PBXGroup;
			children = (
				465237671878DDCE000BFE5E /* RSConstants.h */,
				4652376C1878DDCE000BFE5E /* RSRunningVC.h */,
				4652376D1878DDCE000BFE5E /* RSRunningVC.m */,
				465237781878DDCE000BFE5E /* RSStatsVC.h */,
				465237791878DDCE000BFE5E /* RSStatsVC.m */,
				465237741878DDCE000BFE5E /* RSStatsFirstVC.h */,
				465237751878DDCE000BFE5E /* RSStatsFirstVC.m */,
				46B70A2A18F7B52000BB4AD7 /* RSAddRecordVC.h */,
				46B70A2B18F7B52000BB4AD7 /* RSAddRecordVC.m */,
				4652376A1878DDCE000BFE5E /* RSRecordDetailsVC.h */,
				4652376B1878DDCE000BFE5E /* RSRecordDetailsVC.m */,
				465237681878DDCE000BFE5E /* RSRecordCell.h */,
				465237691878DDCE000BFE5E /* RSRecordCell.m */,
				465237761878DDCE000BFE5E /* RSStatsSecondVC.h */,
				465237771878DDCE000BFE5E /* RSStatsSecondVC.m */,
				465237721878DDCE000BFE5E /* RSSettingsVC.h */,
				465237731878DDCE000BFE5E /* RSSettingsVC.m */,
				465237701878DDCE000BFE5E /* RSSettingsTVC.h */,
				465237711878DDCE000BFE5E /* RSSettingsTVC.m */,
				4652376E1878DDCE000BFE5E /* RSSettingsDetailsVC.h */,
				4652376F1878DDCE000BFE5E /* RSSettingsDetailsVC.m */,
				46AD93C618E5197A00EAD300 /* RSGameKitHelper.h */,
				46AD93C718E5197A00EAD300 /* RSGameKitHelper.m */,
			);
			name = ViewController;
			path = "Runner Stats/ViewController";
			sourceTree = SOURCE_ROOT;
		};
		4652378C1878DE89000BFE5E /* AppDelegate */ = {
			isa = PBXGroup;
			children = (
				4652378D1878DE89000BFE5E /* RSAppDelegate.h */,
				4652378E1878DE89000BFE5E /* RSAppDelegate.m */,
			);
			name = AppDelegate;
			path = "Runner Stats/AppDelegate";
			sourceTree = SOURCE_ROOT;
		};
		465237901878DE98000BFE5E /* Model */ = {
			isa = PBXGroup;
			children = (
				465237911878DE98000BFE5E /* RSPath.h */,
				465237921878DE98000BFE5E /* RSPath.m */,
				465237931878DE98000BFE5E /* RSRecordManager.h */,
				465237941878DE98000BFE5E /* RSRecordManager.m */,
				46071A9218E228AB00014C5F /* RSAnnotation.h */,
				46071A9318E228AB00014C5F /* RSAnnotation.m */,
			);
			name = Model;
			path = "Runner Stats/Model";
			sourceTree = SOURCE_ROOT;
		};
		465237971878DEA1000BFE5E /* JBChartHelper */ = {
			isa = PBXGroup;
			children = (
				465237981878DEA1000BFE5E /* JBChartHeaderView.h */,
				465237991878DEA1000BFE5E /* JBChartHeaderView.m */,
				4652379A1878DEA1000BFE5E /* JBChartInformationView.h */,
				4652379B1878DEA1000BFE5E /* JBChartInformationView.m */,
				4652379C1878DEA1000BFE5E /* JBColorConstants.h */,
				4652379D1878DEA1000BFE5E /* JBConstants.h */,
				4652379E1878DEA1000BFE5E /* JBFontConstants.h */,
				4652379F1878DEA1000BFE5E /* JBLineChartFooterView.h */,
				465237A01878DEA1000BFE5E /* JBLineChartFooterView.m */,
				465237A11878DEA1000BFE5E /* JBStringConstants.h */,
				465237A21878DEA1000BFE5E /* JBUIConstants.h */,
			);
			name = JBChartHelper;
			path = "Runner Stats/JBChartHelper";
			sourceTree = SOURCE_ROOT;
		};
		4685E4F518DE507400221E12 /* AdMob */ = {
			isa = PBXGroup;
			children = (
				46679A3618DE745B0093E80A /* GADAdMobExtras.h */,
				46679A3718DE745B0093E80A /* GADAdNetworkExtras.h */,
				46679A3818DE745B0093E80A /* GADAdSize.h */,
				46679A3918DE745B0093E80A /* GADBannerView.h */,
				46679A3A18DE745B0093E80A /* GADBannerViewDelegate.h */,
				46679A3B18DE745B0093E80A /* GADInterstitial.h */,
				46679A3C18DE745B0093E80A /* GADInterstitialDelegate.h */,
				46679A3D18DE745B0093E80A /* GADRequest.h */,
				46679A3E18DE745B0093E80A /* GADRequestError.h */,
				46679A3F18DE745B0093E80A /* libGoogleAdMobAds.a */,
				46679A4018DE745B0093E80A /* README.txt */,
			);
			name = AdMob;
			sourceTree = "<group>";
		};
		46B70A1D18F73A7400BB4AD7 /* GAnalytics */ = {
			isa = PBXGroup;
			children = (
				46B70A1E18F73A7400BB4AD7 /* GAI.h */,
				46B70A1F18F73A7400BB4AD7 /* GAIDictionaryBuilder.h */,
				46B70A2018F73A7400BB4AD7 /* GAIFields.h */,
				46B70A2118F73A7400BB4AD7 /* GAILogger.h */,
				46B70A2218F73A7400BB4AD7 /* GAITrackedViewController.h */,
				46B70A2318F73A7400BB4AD7 /* GAITracker.h */,
				46B70A2418F73A7400BB4AD7 /* libGoogleAnalyticsServices.a */,
			);
			path = GAnalytics;
			sourceTree = "<group>";
		};
		46C47DFA1870009200A990B0 /* Documents */ = {
			isa = PBXGroup;
			children = (
				468D10431892F3430012E84E /* New Version Description in Multi-lang */,
				46C47DF6186F6F4000A990B0 /* README.md */,
				46C47DF8186FFFC400A990B0 /* Known bug.md */,
			);
			name = Documents;
			sourceTree = "<group>";
		};
		46D4AAA118655E6700F787BA = {
			isa = PBXGroup;
			children = (
				46C47DFA1870009200A990B0 /* Documents */,
				46D4AAB318655E6700F787BA /* Runner Stats */,
				46D4AAAC18655E6700F787BA /* Frameworks */,
				46D4AAAB18655E6700F787BA /* Products */,
				AD14B5FDF5AD4CE1832846E7 /* Pods.xcconfig */,
			);
			sourceTree = "<group>";
		};
		46D4AAAB18655E6700F787BA /* Products */ = {
			isa = PBXGroup;
			children = (
				46D4AAAA18655E6700F787BA /* Runner Stats.app */,
			);
			name = Products;
			sourceTree = "<group>";
		};
		46D4AAAC18655E6700F787BA /* Frameworks */ = {
			isa = PBXGroup;
			children = (
				46E8E5311AE06DE500213F3A /* FBSDKCoreKit.framework */,
				46E8E5321AE06DE500213F3A /* FBSDKLoginKit.framework */,
				46E8E5331AE06DE500213F3A /* FBSDKShareKit.framework */,
				46B70A2818F73D7800BB4AD7 /* libsqlite3.dylib */,
				46B70A2618F73AA300BB4AD7 /* libz.dylib */,
				46B70A1B18F73A2F00BB4AD7 /* CoreData.framework */,
				4654523218E27689006B5333 /* GameKit.framework */,
				4685E50B18DE50E600221E12 /* SystemConfiguration.framework */,
				4685E50918DE50E100221E12 /* StoreKit.framework */,
				4685E50718DE50DA00221E12 /* MessageUI.framework */,
				4685E50518DE50D100221E12 /* CoreTelephony.framework */,
				4685E50318DE50BC00221E12 /* AdSupport.framework */,
				464282F118788487007E13F7 /* iAd.framework */,
				46EEB9BE187734CB00A9E83A /* AVFoundation.framework */,
				46AC5AFC1865648E006CAAD1 /* MapKit.framework */,
				46AC5AFA18656098006CAAD1 /* AudioToolbox.framework */,
				46D4AAAD18655E6700F787BA /* Foundation.framework */,
				46D4AAAF18655E6700F787BA /* CoreGraphics.framework */,
				46D4AAB118655E6700F787BA /* UIKit.framework */,
				46D4AACF18655E6800F787BA /* XCTest.framework */,
				88B49D21AA1849DCAC899F2D /* libPods.a */,
			);
			name = Frameworks;
			sourceTree = "<group>";
		};
		46D4AAB318655E6700F787BA /* Runner Stats */ = {
			isa = PBXGroup;
			children = (
				46B70A1D18F73A7400BB4AD7 /* GAnalytics */,
				4685E4F518DE507400221E12 /* AdMob */,
				465237971878DEA1000BFE5E /* JBChartHelper */,
				465237901878DE98000BFE5E /* Model */,
				465237661878DDCE000BFE5E /* ViewController */,
				4652378C1878DE89000BFE5E /* AppDelegate */,
				462496631878FD4100F1FF9B /* Main.storyboard */,
				46D4AAB418655E6700F787BA /* Supporting Files */,
			);
			path = "Runner Stats";
			sourceTree = "<group>";
		};
		46D4AAB418655E6700F787BA /* Supporting Files */ = {
			isa = PBXGroup;
			children = (
				4610CD431878F5C20006E36D /* InfoPlist.strings */,
				465237D41878E08F000BFE5E /* Localizable.strings */,
				46B7D6C41878E44F000C5524 /* Runner Stats.entitlements */,
				465237AB1878DECB000BFE5E /* main.m */,
				465237AD1878DED1000BFE5E /* Images.xcassets */,
				465237A61878DEC3000BFE5E /* Runner Stats-Info.plist */,
				465237A71878DEC3000BFE5E /* Runner Stats-Prefix.pch */,
			);
			name = "Supporting Files";
			sourceTree = "<group>";
		};
/* End PBXGroup section */

/* Begin PBXNativeTarget section */
		46D4AAA918655E6700F787BA /* Runner Stats */ = {
			isa = PBXNativeTarget;
			buildConfigurationList = 46D4AADF18655E6800F787BA /* Build configuration list for PBXNativeTarget "Runner Stats" */;
			buildPhases = (
				EBC60F89E9BA4C919B3C83BB /* Check Pods Manifest.lock */,
				46D4AAA618655E6700F787BA /* Sources */,
				46D4AAA718655E6700F787BA /* Frameworks */,
				46D4AAA818655E6700F787BA /* Resources */,
				8075A844DCF64BFDB7E3EA20 /* Copy Pods Resources */,
			);
			buildRules = (
			);
			dependencies = (
			);
			name = "Runner Stats";
			productName = RunningStats;
			productReference = 46D4AAAA18655E6700F787BA /* Runner Stats.app */;
			productType = "com.apple.product-type.application";
		};
/* End PBXNativeTarget section */

/* Begin PBXProject section */
		46D4AAA218655E6700F787BA /* Project object */ = {
			isa = PBXProject;
			attributes = {
				CLASSPREFIX = RS;
				LastUpgradeCheck = 0510;
				ORGANIZATIONNAME = hk;
				TargetAttributes = {
					46D4AAA918655E6700F787BA = {
						DevelopmentTeam = GVRWTQ7EVM;
						SystemCapabilities = {
							com.apple.BackgroundModes = {
								enabled = 1;
							};
							com.apple.InterAppAudio = {
								enabled = 1;
							};
							com.apple.iCloud = {
								enabled = 0;
							};
							com.apple.iOS = {
								enabled = 0;
							};
						};
					};
				};
			};
			buildConfigurationList = 46D4AAA518655E6700F787BA /* Build configuration list for PBXProject "Runner Stats" */;
			compatibilityVersion = "Xcode 3.2";
			developmentRegion = English;
			hasScannedForEncodings = 0;
			knownRegions = (
				en,
				Base,
				"zh-Hans",
				"zh-Hant",
				fr,
				ja,
				es,
				de,
			);
			mainGroup = 46D4AAA118655E6700F787BA;
			productRefGroup = 46D4AAAB18655E6700F787BA /* Products */;
			projectDirPath = "";
			projectRoot = "";
			targets = (
				46D4AAA918655E6700F787BA /* Runner Stats */,
			);
		};
/* End PBXProject section */

/* Begin PBXResourcesBuildPhase section */
		46D4AAA818655E6700F787BA /* Resources */ = {
			isa = PBXResourcesBuildPhase;
			buildActionMask = 2147483647;
			files = (
				4610CD451878F5C20006E36D /* InfoPlist.strings in Resources */,
				462496651878FD4100F1FF9B /* Main.storyboard in Resources */,
				468D10441892F3430012E84E /* New Version Description in Multi-lang in Resources */,
				465237AE1878DED1000BFE5E /* Images.xcassets in Resources */,
				46679A4218DE745B0093E80A /* README.txt in Resources */,
				465237D21878E08F000BFE5E /* Localizable.strings in Resources */,
			);
			runOnlyForDeploymentPostprocessing = 0;
		};
/* End PBXResourcesBuildPhase section */

/* Begin PBXShellScriptBuildPhase section */
		8075A844DCF64BFDB7E3EA20 /* Copy Pods Resources */ = {
			isa = PBXShellScriptBuildPhase;
			buildActionMask = 2147483647;
			files = (
			);
			inputPaths = (
			);
			name = "Copy Pods Resources";
			outputPaths = (
			);
			runOnlyForDeploymentPostprocessing = 0;
			shellPath = /bin/sh;
			shellScript = "\"${SRCROOT}/Pods/Pods-resources.sh\"\n";
			showEnvVarsInLog = 0;
		};
		EBC60F89E9BA4C919B3C83BB /* Check Pods Manifest.lock */ = {
			isa = PBXShellScriptBuildPhase;
			buildActionMask = 2147483647;
			files = (
			);
			inputPaths = (
			);
			name = "Check Pods Manifest.lock";
			outputPaths = (
			);
			runOnlyForDeploymentPostprocessing = 0;
			shellPath = /bin/sh;
			shellScript = "diff \"${PODS_ROOT}/../Podfile.lock\" \"${PODS_ROOT}/Manifest.lock\" > /dev/null\nif [[ $? != 0 ]] ; then\n    cat << EOM\nerror: The sandbox is not in sync with the Podfile.lock. Run 'pod install' or update your CocoaPods installation.\nEOM\n    exit 1\nfi\n";
			showEnvVarsInLog = 0;
		};
/* End PBXShellScriptBuildPhase section */

/* Begin PBXSourcesBuildPhase section */
		46D4AAA618655E6700F787BA /* Sources */ = {
			isa = PBXSourcesBuildPhase;
			buildActionMask = 2147483647;
			files = (
				465237A41878DEA1000BFE5E /* JBChartInformationView.m in Sources */,
				4652377E1878DDCE000BFE5E /* RSSettingsTVC.m in Sources */,
				465237A51878DEA1000BFE5E /* JBLineChartFooterView.m in Sources */,
				4652377F1878DDCE000BFE5E /* RSSettingsVC.m in Sources */,
				4652377A1878DDCE000BFE5E /* RSRecordCell.m in Sources */,
				4652377C1878DDCE000BFE5E /* RSRunningVC.m in Sources */,
				465237A31878DEA1000BFE5E /* JBChartHeaderView.m in Sources */,
				465237821878DDCE000BFE5E /* RSStatsVC.m in Sources */,
				4652377B1878DDCE000BFE5E /* RSRecordDetailsVC.m in Sources */,
				46AD93C818E5197A00EAD300 /* RSGameKitHelper.m in Sources */,
				465237801878DDCE000BFE5E /* RSStatsFirstVC.m in Sources */,
				4652378F1878DE89000BFE5E /* RSAppDelegate.m in Sources */,
				46071A9418E228AB00014C5F /* RSAnnotation.m in Sources */,
				465237AC1878DECB000BFE5E /* main.m in Sources */,
				465237961878DE98000BFE5E /* RSRecordManager.m in Sources */,
				46B70A2C18F7B52000BB4AD7 /* RSAddRecordVC.m in Sources */,
				4652377D1878DDCE000BFE5E /* RSSettingsDetailsVC.m in Sources */,
				465237811878DDCE000BFE5E /* RSStatsSecondVC.m in Sources */,
				465237951878DE98000BFE5E /* RSPath.m in Sources */,
			);
			runOnlyForDeploymentPostprocessing = 0;
		};
/* End PBXSourcesBuildPhase section */

/* Begin PBXVariantGroup section */
		4610CD431878F5C20006E36D /* InfoPlist.strings */ = {
			isa = PBXVariantGroup;
			children = (
				4610CD441878F5C20006E36D /* Base */,
				4610CD4B1878F6360006E36D /* zh-Hans */,
				4610CD4C1878F6380006E36D /* zh-Hant */,
				4658282C1878F867006837E8 /* en */,
				46FF027A187A062800E823BF /* fr */,
				460D5319187A88CF00CC8D08 /* ja */,
				4631A9E9187D1AC900C09EA6 /* es */,
				460B29F418830E78006D6A9B /* de */,
			);
			name = InfoPlist.strings;
			sourceTree = "<group>";
		};
		462496631878FD4100F1FF9B /* Main.storyboard */ = {
			isa = PBXVariantGroup;
			children = (
				462496641878FD4100F1FF9B /* Base */,
				466240021878FEEE00660F9F /* en */,
				466240041878FEF000660F9F /* zh-Hant */,
				466240061878FEF400660F9F /* zh-Hans */,
				46FF0279187A062800E823BF /* fr */,
				460D5318187A88CF00CC8D08 /* ja */,
				4631A9E8187D1AC900C09EA6 /* es */,
				460B29F318830E78006D6A9B /* de */,
			);
			name = Main.storyboard;
			sourceTree = "<group>";
		};
		465237D41878E08F000BFE5E /* Localizable.strings */ = {
			isa = PBXVariantGroup;
			children = (
				465237D51878E095000BFE5E /* Base */,
				465828291878F817006837E8 /* en */,
				4658282A1878F818006837E8 /* zh-Hans */,
				4658282B1878F819006837E8 /* zh-Hant */,
				46FF027B187A062800E823BF /* fr */,
				460D531A187A88CF00CC8D08 /* ja */,
				4631A9EA187D1AC900C09EA6 /* es */,
				460B29F518830E78006D6A9B /* de */,
			);
			name = Localizable.strings;
			path = "Runner Stats";
			sourceTree = SOURCE_ROOT;
		};
/* End PBXVariantGroup section */

/* Begin XCBuildConfiguration section */
		46D4AADD18655E6800F787BA /* Debug */ = {
			isa = XCBuildConfiguration;
			buildSettings = {
				ALWAYS_SEARCH_USER_PATHS = NO;
				CLANG_CXX_LANGUAGE_STANDARD = "gnu++0x";
				CLANG_CXX_LIBRARY = "libc++";
				CLANG_ENABLE_MODULES = YES;
				CLANG_ENABLE_OBJC_ARC = YES;
				CLANG_WARN_BOOL_CONVERSION = YES;
				CLANG_WARN_CONSTANT_CONVERSION = YES;
				CLANG_WARN_DIRECT_OBJC_ISA_USAGE = YES_ERROR;
				CLANG_WARN_EMPTY_BODY = YES;
				CLANG_WARN_ENUM_CONVERSION = YES;
				CLANG_WARN_INT_CONVERSION = YES;
				CLANG_WARN_OBJC_ROOT_CLASS = YES_ERROR;
				CLANG_WARN__DUPLICATE_METHOD_MATCH = YES;
				"CODE_SIGN_IDENTITY[sdk=iphoneos*]" = "iPhone Developer";
				COPY_PHASE_STRIP = NO;
				GCC_C_LANGUAGE_STANDARD = gnu99;
				GCC_DYNAMIC_NO_PIC = NO;
				GCC_OPTIMIZATION_LEVEL = 0;
				GCC_PREPROCESSOR_DEFINITIONS = (
					"DEBUG=1",
					"$(inherited)",
				);
				GCC_SYMBOLS_PRIVATE_EXTERN = NO;
				GCC_WARN_64_TO_32_BIT_CONVERSION = YES;
				GCC_WARN_ABOUT_RETURN_TYPE = YES_ERROR;
				GCC_WARN_UNDECLARED_SELECTOR = YES;
				GCC_WARN_UNINITIALIZED_AUTOS = YES;
				GCC_WARN_UNUSED_FUNCTION = YES;
				GCC_WARN_UNUSED_VARIABLE = YES;
				IPHONEOS_DEPLOYMENT_TARGET = 7.0;
				ONLY_ACTIVE_ARCH = YES;
				SDKROOT = iphoneos;
			};
			name = Debug;
		};
		46D4AADE18655E6800F787BA /* Release */ = {
			isa = XCBuildConfiguration;
			buildSettings = {
				ALWAYS_SEARCH_USER_PATHS = NO;
				CLANG_CXX_LANGUAGE_STANDARD = "gnu++0x";
				CLANG_CXX_LIBRARY = "libc++";
				CLANG_ENABLE_MODULES = YES;
				CLANG_ENABLE_OBJC_ARC = YES;
				CLANG_WARN_BOOL_CONVERSION = YES;
				CLANG_WARN_CONSTANT_CONVERSION = YES;
				CLANG_WARN_DIRECT_OBJC_ISA_USAGE = YES_ERROR;
				CLANG_WARN_EMPTY_BODY = YES;
				CLANG_WARN_ENUM_CONVERSION = YES;
				CLANG_WARN_INT_CONVERSION = YES;
				CLANG_WARN_OBJC_ROOT_CLASS = YES_ERROR;
				CLANG_WARN__DUPLICATE_METHOD_MATCH = YES;
				CODE_SIGN_IDENTITY = "iPhone Distribution";
				"CODE_SIGN_IDENTITY[sdk=iphoneos*]" = "iPhone Distribution: Kun Hu (GVRWTQ7EVM)";
				COPY_PHASE_STRIP = YES;
				ENABLE_NS_ASSERTIONS = NO;
				GCC_C_LANGUAGE_STANDARD = gnu99;
				GCC_WARN_64_TO_32_BIT_CONVERSION = YES;
				GCC_WARN_ABOUT_RETURN_TYPE = YES_ERROR;
				GCC_WARN_UNDECLARED_SELECTOR = YES;
				GCC_WARN_UNINITIALIZED_AUTOS = YES;
				GCC_WARN_UNUSED_FUNCTION = YES;
				GCC_WARN_UNUSED_VARIABLE = YES;
				IPHONEOS_DEPLOYMENT_TARGET = 7.0;
				SDKROOT = iphoneos;
				VALIDATE_PRODUCT = YES;
			};
			name = Release;
		};
		46D4AAE018655E6800F787BA /* Debug */ = {
			isa = XCBuildConfiguration;
			baseConfigurationReference = AD14B5FDF5AD4CE1832846E7 /* Pods.xcconfig */;
			buildSettings = {
				ASSETCATALOG_COMPILER_APPICON_NAME = AppIcon;
				ASSETCATALOG_COMPILER_LAUNCHIMAGE_NAME = LaunchImage;
				CLANG_ALLOW_NON_MODULAR_INCLUDES_IN_FRAMEWORK_MODULES = YES;
				CODE_SIGN_ENTITLEMENTS = "Runner Stats/Runner Stats.entitlements";
				CODE_SIGN_IDENTITY = "iPhone Developer";
				"CODE_SIGN_IDENTITY[sdk=iphoneos*]" = "iPhone Developer";
				FRAMEWORK_SEARCH_PATHS = (
					"$(inherited)",
					/Documents/FacebookSDK,
				);
				GCC_PRECOMPILE_PREFIX_HEADER = YES;
				GCC_PREFIX_HEADER = "Runner Stats/Runner Stats-Prefix.pch";
				INFOPLIST_FILE = "Runner Stats/Runner Stats-Info.plist";
				LIBRARY_SEARCH_PATHS = (
					"$(inherited)",
					"$(PROJECT_DIR)/Runner\\ Stats/AdMob/",
					"$(PROJECT_DIR)/Runner\\ Stats/**",
					"$(PROJECT_DIR)/Runner\\ Stats/GAnalytics/",
				);
				"OTHER_LDFLAGS[arch=*]" = "-ObjC";
				PRODUCT_NAME = "$(TARGET_NAME)";
				PROVISIONING_PROFILE = "";
				"VALID_ARCHS[sdk=*]" = "arm64 armv7 armv7s";
				WRAPPER_EXTENSION = app;
			};
			name = Debug;
		};
		46D4AAE118655E6800F787BA /* Release */ = {
			isa = XCBuildConfiguration;
			baseConfigurationReference = AD14B5FDF5AD4CE1832846E7 /* Pods.xcconfig */;
			buildSettings = {
				ASSETCATALOG_COMPILER_APPICON_NAME = AppIcon;
				ASSETCATALOG_COMPILER_LAUNCHIMAGE_NAME = LaunchImage;
				CLANG_ALLOW_NON_MODULAR_INCLUDES_IN_FRAMEWORK_MODULES = YES;
				CODE_SIGN_ENTITLEMENTS = "Runner Stats/Runner Stats.entitlements";
				CODE_SIGN_IDENTITY = "iPhone Distribution: Kun Hu (GVRWTQ7EVM)";
				"CODE_SIGN_IDENTITY[sdk=iphoneos*]" = "iPhone Distribution: Kun Hu (GVRWTQ7EVM)";
				FRAMEWORK_SEARCH_PATHS = (
					"$(inherited)",
					/Documents/FacebookSDK,
				);
				GCC_PRECOMPILE_PREFIX_HEADER = YES;
				GCC_PREFIX_HEADER = "Runner Stats/Runner Stats-Prefix.pch";
				INFOPLIST_FILE = "Runner Stats/Runner Stats-Info.plist";
				LIBRARY_SEARCH_PATHS = (
					"$(inherited)",
					"$(PROJECT_DIR)/Runner\\ Stats/AdMob/",
					"$(PROJECT_DIR)/Runner\\ Stats/**",
					"$(PROJECT_DIR)/Runner\\ Stats/GAnalytics/",
				);
				"OTHER_LDFLAGS[arch=*]" = "-ObjC";
				PRODUCT_NAME = "$(TARGET_NAME)";
				PROVISIONING_PROFILE = "";
				"VALID_ARCHS[sdk=*]" = "arm64 armv7 armv7s";
				WRAPPER_EXTENSION = app;
			};
			name = Release;
		};
/* End XCBuildConfiguration section */

/* Begin XCConfigurationList section */
		46D4AAA518655E6700F787BA /* Build configuration list for PBXProject "Runner Stats" */ = {
			isa = XCConfigurationList;
			buildConfigurations = (
				46D4AADD18655E6800F787BA /* Debug */,
				46D4AADE18655E6800F787BA /* Release */,
			);
			defaultConfigurationIsVisible = 0;
			defaultConfigurationName = Release;
		};
		46D4AADF18655E6800F787BA /* Build configuration list for PBXNativeTarget "Runner Stats" */ = {
			isa = XCConfigurationList;
			buildConfigurations = (
				46D4AAE018655E6800F787BA /* Debug */,
				46D4AAE118655E6800F787BA /* Release */,
			);
			defaultConfigurationIsVisible = 0;
			defaultConfigurationName = Release;
		};
/* End XCConfigurationList section */
	};
	rootObject = 46D4AAA218655E6700F787BA /* Project object */;
}
